// !$*UTF8*$!
{
	archiveVersion = 1;
	classes = {
	};
	objectVersion = 46;
	objects = {

/* Begin PBXBuildFile section */
		360860A016F25D30003AEC1A /* Schalke 04-logo.png in Resources */ = {isa = PBXBuildFile; fileRef = 3608607F16F25D2C003AEC1A /* Schalke 04-logo.png */; };
		360860A116F25D30003AEC1A /* AC Milan-logo.png in Resources */ = {isa = PBXBuildFile; fileRef = 3608608016F25D2C003AEC1A /* AC Milan-logo.png */; };
		360860A316F25D30003AEC1A /* Anzhi Makhachkala-logo.png in Resources */ = {isa = PBXBuildFile; fileRef = 3608608216F25D2C003AEC1A /* Anzhi Makhachkala-logo.png */; };
		360860A416F25D30003AEC1A /* Benfica-logo.png in Resources */ = {isa = PBXBuildFile; fileRef = 3608608316F25D2C003AEC1A /* Benfica-logo.png */; };
		360860A516F25D30003AEC1A /* Borussia Dortmund-logo.png in Resources */ = {isa = PBXBuildFile; fileRef = 3608608416F25D2C003AEC1A /* Borussia Dortmund-logo.png */; };
		360860A616F25D30003AEC1A /* Celtic-logo.png in Resources */ = {isa = PBXBuildFile; fileRef = 3608608516F25D2C003AEC1A /* Celtic-logo.png */; };
		360860A716F25D30003AEC1A /* Chelsea-logo.png in Resources */ = {isa = PBXBuildFile; fileRef = 3608608616F25D2C003AEC1A /* Chelsea-logo.png */; };
		360860A816F25D30003AEC1A /* FC Barcelona-logo.png in Resources */ = {isa = PBXBuildFile; fileRef = 3608608716F25D2C003AEC1A /* FC Barcelona-logo.png */; };
		360860A916F25D30003AEC1A /* FC Basel-logo.png in Resources */ = {isa = PBXBuildFile; fileRef = 3608608816F25D2D003AEC1A /* FC Basel-logo.png */; };
		360860AA16F25D30003AEC1A /* FC Porto-logo.png in Resources */ = {isa = PBXBuildFile; fileRef = 3608608916F25D2D003AEC1A /* FC Porto-logo.png */; };
		360860AB16F25D30003AEC1A /* Girondins Bordeaux-logo.png in Resources */ = {isa = PBXBuildFile; fileRef = 3608608A16F25D2D003AEC1A /* Girondins Bordeaux-logo.png */; };
		360860AD16F25D30003AEC1A /* Macaristan-logo.png in Resources */ = {isa = PBXBuildFile; fileRef = 3608608C16F25D2D003AEC1A /* Macaristan-logo.png */; };
		360860AE16F25D30003AEC1A /* Internazionale-logo.png in Resources */ = {isa = PBXBuildFile; fileRef = 3608608D16F25D2D003AEC1A /* Internazionale-logo.png */; };
		360860AF16F25D30003AEC1A /* Juventus-logo.png in Resources */ = {isa = PBXBuildFile; fileRef = 3608608E16F25D2D003AEC1A /* Juventus-logo.png */; };
		360860B016F25D30003AEC1A /* Lazio-logo.png in Resources */ = {isa = PBXBuildFile; fileRef = 3608608F16F25D2E003AEC1A /* Lazio-logo.png */; };
		360860B116F25D30003AEC1A /* Levante UD-logo.png in Resources */ = {isa = PBXBuildFile; fileRef = 3608609016F25D2E003AEC1A /* Levante UD-logo.png */; };
		360860B216F25D30003AEC1A /* Málaga CF-logo.png in Resources */ = {isa = PBXBuildFile; fileRef = 3608609116F25D2E003AEC1A /* Málaga CF-logo.png */; };
		360860B316F25D30003AEC1A /* Manchester United-logo.png in Resources */ = {isa = PBXBuildFile; fileRef = 3608609216F25D2E003AEC1A /* Manchester United-logo.png */; };
		360860B416F25D30003AEC1A /* Newcastle United-logo.png in Resources */ = {isa = PBXBuildFile; fileRef = 3608609316F25D2E003AEC1A /* Newcastle United-logo.png */; };
		360860B516F25D30003AEC1A /* Paris Saint Germain-logo.png in Resources */ = {isa = PBXBuildFile; fileRef = 3608609416F25D2E003AEC1A /* Paris Saint Germain-logo.png */; };
		360860B616F25D30003AEC1A /* Real Madrid-logo.png in Resources */ = {isa = PBXBuildFile; fileRef = 3608609516F25D2E003AEC1A /* Real Madrid-logo.png */; };
		360860B716F25D30003AEC1A /* Romanya-logo.png in Resources */ = {isa = PBXBuildFile; fileRef = 3608609616F25D2E003AEC1A /* Romanya-logo.png */; };
		360860B816F25D30003AEC1A /* Rubin Kazan-logo.png in Resources */ = {isa = PBXBuildFile; fileRef = 3608609716F25D2E003AEC1A /* Rubin Kazan-logo.png */; };
		360860B916F25D30003AEC1A /* Shakhtar Donetsk-logo.png in Resources */ = {isa = PBXBuildFile; fileRef = 3608609816F25D2E003AEC1A /* Shakhtar Donetsk-logo.png */; };
		360860BA16F25D30003AEC1A /* Steaua Bucuresti-logo.png in Resources */ = {isa = PBXBuildFile; fileRef = 3608609916F25D2F003AEC1A /* Steaua Bucuresti-logo.png */; };
		360860BB16F25D30003AEC1A /* Tottenham Hotspur-logo.png in Resources */ = {isa = PBXBuildFile; fileRef = 3608609A16F25D2F003AEC1A /* Tottenham Hotspur-logo.png */; };
		360860BD16F25D30003AEC1A /* Valencia-logo.png in Resources */ = {isa = PBXBuildFile; fileRef = 3608609C16F25D30003AEC1A /* Valencia-logo.png */; };
		360860BE16F25D30003AEC1A /* VfB Stuttgart-logo.png in Resources */ = {isa = PBXBuildFile; fileRef = 3608609D16F25D30003AEC1A /* VfB Stuttgart-logo.png */; };
		360860BF16F25D30003AEC1A /* Viktoria Plzen-logo.png in Resources */ = {isa = PBXBuildFile; fileRef = 3608609E16F25D30003AEC1A /* Viktoria Plzen-logo.png */; };
		360860C016F25D30003AEC1A /* Zenit St. Petersburg-logo.png in Resources */ = {isa = PBXBuildFile; fileRef = 3608609F16F25D30003AEC1A /* Zenit St. Petersburg-logo.png */; };
		360860C216F26005003AEC1A /* Andorra-logo.png in Resources */ = {isa = PBXBuildFile; fileRef = 360860C116F25FFF003AEC1A /* Andorra-logo.png */; };
		360860C416F260D2003AEC1A /* Estonya-logo.png in Resources */ = {isa = PBXBuildFile; fileRef = 360860C316F260CD003AEC1A /* Estonya-logo.png */; };
		360860C616F260E5003AEC1A /* Hollanda-logo.png in Resources */ = {isa = PBXBuildFile; fileRef = 360860C516F260E4003AEC1A /* Hollanda-logo.png */; };
		360860CA16F79818003AEC1A /* BATE-logo.png in Resources */ = {isa = PBXBuildFile; fileRef = 360860C916F79815003AEC1A /* BATE-logo.png */; };
		3623C72E16B3F6F1007E5986 /* MKMatchView.m in Sources */ = {isa = PBXBuildFile; fileRef = 3623C72D16B3F6F1007E5986 /* MKMatchView.m */; };
		364AB6E916B9BC21003E93F5 /* check.png in Resources */ = {isa = PBXBuildFile; fileRef = 364AB6E816B9BC21003E93F5 /* check.png */; };
		364AB6ED16B9BE04003E93F5 /* MKTeamListController.m in Sources */ = {isa = PBXBuildFile; fileRef = 364AB6EC16B9BE04003E93F5 /* MKTeamListController.m */; };
		364AB6F316B9D814003E93F5 /* devam@2x.png in Resources */ = {isa = PBXBuildFile; fileRef = 364AB6F216B9D814003E93F5 /* devam@2x.png */; };
		364AB6F616B9D8A8003E93F5 /* devam.png in Resources */ = {isa = PBXBuildFile; fileRef = 364AB6F516B9D8A8003E93F5 /* devam.png */; };
		3668938C16FB873E003981A0 /* twitter.png in Resources */ = {isa = PBXBuildFile; fileRef = 3668938A16FB873E003981A0 /* twitter.png */; };
		3668938D16FB873E003981A0 /* facebook.png in Resources */ = {isa = PBXBuildFile; fileRef = 3668938B16FB873E003981A0 /* facebook.png */; };
		3668938F16FB8E96003981A0 /* Accounts.framework in Frameworks */ = {isa = PBXBuildFile; fileRef = 3668938E16FB8E96003981A0 /* Accounts.framework */; };
		3668939116FB8E9D003981A0 /* Social.framework in Frameworks */ = {isa = PBXBuildFile; fileRef = 3668939016FB8E9D003981A0 /* Social.framework */; };
		3680632C16FCAAF900F040B9 /* Türkiye-logo.png in Resources */ = {isa = PBXBuildFile; fileRef = 3680632B16FCAAF900F040B9 /* Türkiye-logo.png */; };
		3680633016FCED6100F040B9 /* facebook_share.png in Resources */ = {isa = PBXBuildFile; fileRef = 3680632F16FCED6100F040B9 /* facebook_share.png */; };
		3680633816FCF0FC00F040B9 /* twitter_share.png in Resources */ = {isa = PBXBuildFile; fileRef = 3680633716FCF0FC00F040B9 /* twitter_share.png */; };
		369C1AE416B9888A005AFE0E /* gnLoadingView.m in Sources */ = {isa = PBXBuildFile; fileRef = 369C1AE216B9876F005AFE0E /* gnLoadingView.m */; };
		369C1AEB16B99C91005AFE0E /* Galatasaray-logo.png in Resources */ = {isa = PBXBuildFile; fileRef = 369C1AEA16B99C91005AFE0E /* Galatasaray-logo.png */; };
		369C1AEF16B9B489005AFE0E /* cell_arkaplan_settings.png in Resources */ = {isa = PBXBuildFile; fileRef = 369C1AEE16B9B489005AFE0E /* cell_arkaplan_settings.png */; };
		DC1DC4E916B9644700159CB5 /* alarm.png in Resources */ = {isa = PBXBuildFile; fileRef = DC1DC4E316B9644700159CB5 /* alarm.png */; };
		DC1DC4EA16B9644700159CB5 /* alarm@2x.png in Resources */ = {isa = PBXBuildFile; fileRef = DC1DC4E416B9644700159CB5 /* alarm@2x.png */; };
		DC1DC4EB16B9644700159CB5 /* cog_02.png in Resources */ = {isa = PBXBuildFile; fileRef = DC1DC4E516B9644700159CB5 /* cog_02.png */; };
		DC1DC4EC16B9644700159CB5 /* cog_02@2x.png in Resources */ = {isa = PBXBuildFile; fileRef = DC1DC4E616B9644700159CB5 /* cog_02@2x.png */; };
		DC1DC4ED16B9644700159CB5 /* graph_bar_trend.png in Resources */ = {isa = PBXBuildFile; fileRef = DC1DC4E716B9644700159CB5 /* graph_bar_trend.png */; };
		DC1DC4EE16B9644700159CB5 /* graph_bar_trend@2x.png in Resources */ = {isa = PBXBuildFile; fileRef = DC1DC4E816B9644700159CB5 /* graph_bar_trend@2x.png */; };
		DC1DC50116B96B9200159CB5 /* Akhisar Belediye-bg-568h@2x.jpg in Resources */ = {isa = PBXBuildFile; fileRef = DC1DC4EF16B96B9100159CB5 /* Akhisar Belediye-bg-568h@2x.jpg */; };
		DC1DC50216B96B9200159CB5 /* Beşiktaş-bg-568h@2x.jpg in Resources */ = {isa = PBXBuildFile; fileRef = DC1DC4F016B96B9100159CB5 /* Beşiktaş-bg-568h@2x.jpg */; };
		DC1DC50316B96B9200159CB5 /* Bursaspor-bg-568h@2x.jpg in Resources */ = {isa = PBXBuildFile; fileRef = DC1DC4F116B96B9100159CB5 /* Bursaspor-bg-568h@2x.jpg */; };
		DC1DC50516B96B9200159CB5 /* Fenerbahçe-bg-568h@2x.jpg in Resources */ = {isa = PBXBuildFile; fileRef = DC1DC4F316B96B9100159CB5 /* Fenerbahçe-bg-568h@2x.jpg */; };
		DC1DC50616B96B9200159CB5 /* Galatasaray-bg-568h@2x.jpg in Resources */ = {isa = PBXBuildFile; fileRef = DC1DC4F416B96B9100159CB5 /* Galatasaray-bg-568h@2x.jpg */; };
		DC1DC50716B96B9200159CB5 /* Gaziantepspor-bg-568h@2x.jpg in Resources */ = {isa = PBXBuildFile; fileRef = DC1DC4F516B96B9100159CB5 /* Gaziantepspor-bg-568h@2x.jpg */; };
		DC1DC50816B96B9200159CB5 /* Gençlerbirliği-bg-568h@2x.jpg in Resources */ = {isa = PBXBuildFile; fileRef = DC1DC4F616B96B9100159CB5 /* Gençlerbirliği-bg-568h@2x.jpg */; };
		DC1DC50916B96B9200159CB5 /* İstanbul BŞB-bg-568h@2x.jpg in Resources */ = {isa = PBXBuildFile; fileRef = DC1DC4F716B96B9100159CB5 /* İstanbul BŞB-bg-568h@2x.jpg */; };
		DC1DC50A16B96B9200159CB5 /* K.Karabükspor-bg-568h@2x.jpg in Resources */ = {isa = PBXBuildFile; fileRef = DC1DC4F816B96B9100159CB5 /* K.Karabükspor-bg-568h@2x.jpg */; };
		DC1DC50B16B96B9200159CB5 /* Kasımpaşa-bg-568h@2x.jpg in Resources */ = {isa = PBXBuildFile; fileRef = DC1DC4F916B96B9100159CB5 /* Kasımpaşa-bg-568h@2x.jpg */; };
		DC1DC50C16B96B9200159CB5 /* Kayserispor-bg-568h@2x.jpg in Resources */ = {isa = PBXBuildFile; fileRef = DC1DC4FA16B96B9100159CB5 /* Kayserispor-bg-568h@2x.jpg */; };
		DC1DC50E16B96B9200159CB5 /* MP Antalyaspor-bg-568h@2x.jpg in Resources */ = {isa = PBXBuildFile; fileRef = DC1DC4FC16B96B9100159CB5 /* MP Antalyaspor-bg-568h@2x.jpg */; };
		DC1DC50F16B96B9200159CB5 /* Orduspor-bg-568h@2x.jpg in Resources */ = {isa = PBXBuildFile; fileRef = DC1DC4FD16B96B9100159CB5 /* Orduspor-bg-568h@2x.jpg */; };
		DC1DC51016B96B9200159CB5 /* S.B. Elazığspor-bg-568h@2x.jpg in Resources */ = {isa = PBXBuildFile; fileRef = DC1DC4FE16B96B9100159CB5 /* S.B. Elazığspor-bg-568h@2x.jpg */; };
		DC1DC51116B96B9200159CB5 /* Sivasspor-bg-568h@2x.jpg in Resources */ = {isa = PBXBuildFile; fileRef = DC1DC4FF16B96B9200159CB5 /* Sivasspor-bg-568h@2x.jpg */; };
		DC1DC51216B96B9200159CB5 /* Trabzonspor-bg-568h@2x.jpg in Resources */ = {isa = PBXBuildFile; fileRef = DC1DC50016B96B9200159CB5 /* Trabzonspor-bg-568h@2x.jpg */; };
		DC1DC52416B96B9F00159CB5 /* Akhisar Belediye-bg@2x.jpg in Resources */ = {isa = PBXBuildFile; fileRef = DC1DC51316B96B9F00159CB5 /* Akhisar Belediye-bg@2x.jpg */; };
		DC1DC52516B96B9F00159CB5 /* Beşiktaş-bg@2x.jpg in Resources */ = {isa = PBXBuildFile; fileRef = DC1DC51416B96B9F00159CB5 /* Beşiktaş-bg@2x.jpg */; };
		DC1DC52616B96B9F00159CB5 /* Bursaspor-bg@2x.jpg in Resources */ = {isa = PBXBuildFile; fileRef = DC1DC51516B96B9F00159CB5 /* Bursaspor-bg@2x.jpg */; };
		DC1DC52816B96B9F00159CB5 /* Fenerbahçe-bg@2x.jpg in Resources */ = {isa = PBXBuildFile; fileRef = DC1DC51716B96B9F00159CB5 /* Fenerbahçe-bg@2x.jpg */; };
		DC1DC52916B96B9F00159CB5 /* Galatasaray-bg@2x.jpg in Resources */ = {isa = PBXBuildFile; fileRef = DC1DC51816B96B9F00159CB5 /* Galatasaray-bg@2x.jpg */; };
		DC1DC52A16B96B9F00159CB5 /* Gaziantepspor-bg@2x.jpg in Resources */ = {isa = PBXBuildFile; fileRef = DC1DC51916B96B9F00159CB5 /* Gaziantepspor-bg@2x.jpg */; };
		DC1DC52B16B96B9F00159CB5 /* Gençlerbirliği-bg@2x.jpg in Resources */ = {isa = PBXBuildFile; fileRef = DC1DC51A16B96B9F00159CB5 /* Gençlerbirliği-bg@2x.jpg */; };
		DC1DC52C16B96B9F00159CB5 /* İstanbul BŞB-bg@2x.jpg in Resources */ = {isa = PBXBuildFile; fileRef = DC1DC51B16B96B9F00159CB5 /* İstanbul BŞB-bg@2x.jpg */; };
		DC1DC52D16B96B9F00159CB5 /* K.Karabükspor-bg@2x.jpg in Resources */ = {isa = PBXBuildFile; fileRef = DC1DC51C16B96B9F00159CB5 /* K.Karabükspor-bg@2x.jpg */; };
		DC1DC52E16B96B9F00159CB5 /* Kasımpaşa-bg@2x.jpg in Resources */ = {isa = PBXBuildFile; fileRef = DC1DC51D16B96B9F00159CB5 /* Kasımpaşa-bg@2x.jpg */; };
		DC1DC52F16B96B9F00159CB5 /* Kayserispor-bg@2x.jpg in Resources */ = {isa = PBXBuildFile; fileRef = DC1DC51E16B96B9F00159CB5 /* Kayserispor-bg@2x.jpg */; };
		DC1DC53016B96B9F00159CB5 /* MP Antalyaspor-bg@2x.jpg in Resources */ = {isa = PBXBuildFile; fileRef = DC1DC51F16B96B9F00159CB5 /* MP Antalyaspor-bg@2x.jpg */; };
		DC1DC53116B96B9F00159CB5 /* Orduspor-bg@2x.jpg in Resources */ = {isa = PBXBuildFile; fileRef = DC1DC52016B96B9F00159CB5 /* Orduspor-bg@2x.jpg */; };
		DC1DC53216B96B9F00159CB5 /* S.B. Elazığspor-bg@2x.jpg in Resources */ = {isa = PBXBuildFile; fileRef = DC1DC52116B96B9F00159CB5 /* S.B. Elazığspor-bg@2x.jpg */; };
		DC1DC53316B96B9F00159CB5 /* Sivasspor-bg@2x.jpg in Resources */ = {isa = PBXBuildFile; fileRef = DC1DC52216B96B9F00159CB5 /* Sivasspor-bg@2x.jpg */; };
		DC1DC53416B96B9F00159CB5 /* Trabzonspor-bg@2x.jpg in Resources */ = {isa = PBXBuildFile; fileRef = DC1DC52316B96B9F00159CB5 /* Trabzonspor-bg@2x.jpg */; };
		DC1DC54616B96BAB00159CB5 /* Akhisar Belediye-bg.jpg in Resources */ = {isa = PBXBuildFile; fileRef = DC1DC53516B96BAB00159CB5 /* Akhisar Belediye-bg.jpg */; };
		DC1DC54716B96BAB00159CB5 /* Beşiktaş-bg.jpg in Resources */ = {isa = PBXBuildFile; fileRef = DC1DC53616B96BAB00159CB5 /* Beşiktaş-bg.jpg */; };
		DC1DC54816B96BAB00159CB5 /* Bursaspor-bg.jpg in Resources */ = {isa = PBXBuildFile; fileRef = DC1DC53716B96BAB00159CB5 /* Bursaspor-bg.jpg */; };
		DC1DC54A16B96BAB00159CB5 /* Fenerbahçe-bg.jpg in Resources */ = {isa = PBXBuildFile; fileRef = DC1DC53916B96BAB00159CB5 /* Fenerbahçe-bg.jpg */; };
		DC1DC54B16B96BAB00159CB5 /* Galatasaray-bg.jpg in Resources */ = {isa = PBXBuildFile; fileRef = DC1DC53A16B96BAB00159CB5 /* Galatasaray-bg.jpg */; };
		DC1DC54C16B96BAB00159CB5 /* Gaziantepspor-bg.jpg in Resources */ = {isa = PBXBuildFile; fileRef = DC1DC53B16B96BAB00159CB5 /* Gaziantepspor-bg.jpg */; };
		DC1DC54D16B96BAB00159CB5 /* Gençlerbirliği-bg.jpg in Resources */ = {isa = PBXBuildFile; fileRef = DC1DC53C16B96BAB00159CB5 /* Gençlerbirliği-bg.jpg */; };
		DC1DC54E16B96BAB00159CB5 /* İstanbul BŞB-bg.jpg in Resources */ = {isa = PBXBuildFile; fileRef = DC1DC53D16B96BAB00159CB5 /* İstanbul BŞB-bg.jpg */; };
		DC1DC54F16B96BAB00159CB5 /* K.Karabükspor-bg.jpg in Resources */ = {isa = PBXBuildFile; fileRef = DC1DC53E16B96BAB00159CB5 /* K.Karabükspor-bg.jpg */; };
		DC1DC55016B96BAB00159CB5 /* Kasımpaşa-bg.jpg in Resources */ = {isa = PBXBuildFile; fileRef = DC1DC53F16B96BAB00159CB5 /* Kasımpaşa-bg.jpg */; };
		DC1DC55116B96BAB00159CB5 /* Kayserispor-bg.jpg in Resources */ = {isa = PBXBuildFile; fileRef = DC1DC54016B96BAB00159CB5 /* Kayserispor-bg.jpg */; };
		DC1DC55216B96BAB00159CB5 /* MP Antalyaspor-bg.jpg in Resources */ = {isa = PBXBuildFile; fileRef = DC1DC54116B96BAB00159CB5 /* MP Antalyaspor-bg.jpg */; };
		DC1DC55316B96BAB00159CB5 /* Orduspor-bg.jpg in Resources */ = {isa = PBXBuildFile; fileRef = DC1DC54216B96BAB00159CB5 /* Orduspor-bg.jpg */; };
		DC1DC55416B96BAB00159CB5 /* S.B. Elazığspor-bg.jpg in Resources */ = {isa = PBXBuildFile; fileRef = DC1DC54316B96BAB00159CB5 /* S.B. Elazığspor-bg.jpg */; };
		DC1DC55516B96BAB00159CB5 /* Sivasspor-bg.jpg in Resources */ = {isa = PBXBuildFile; fileRef = DC1DC54416B96BAB00159CB5 /* Sivasspor-bg.jpg */; };
		DC1DC55616B96BAB00159CB5 /* Trabzonspor-bg.jpg in Resources */ = {isa = PBXBuildFile; fileRef = DC1DC54516B96BAB00159CB5 /* Trabzonspor-bg.jpg */; };
		DC1DC55816B9708F00159CB5 /* Eskişehirspor-bg-568h@2x.jpg in Resources */ = {isa = PBXBuildFile; fileRef = DC1DC55716B9708F00159CB5 /* Eskişehirspor-bg-568h@2x.jpg */; };
		DC1DC55A16B9715300159CB5 /* Eskişehirspor-bg@2x.jpg in Resources */ = {isa = PBXBuildFile; fileRef = DC1DC55916B9715300159CB5 /* Eskişehirspor-bg@2x.jpg */; };
		DC1DC55C16B9715D00159CB5 /* Eskişehirspor-bg.jpg in Resources */ = {isa = PBXBuildFile; fileRef = DC1DC55B16B9715D00159CB5 /* Eskişehirspor-bg.jpg */; };
		DC1DC55E16B986E100159CB5 /* background.png in Resources */ = {isa = PBXBuildFile; fileRef = DC1DC55D16B986E100159CB5 /* background.png */; };
		DC1DC56016B987FE00159CB5 /* ust_bar.png in Resources */ = {isa = PBXBuildFile; fileRef = DC1DC55F16B987FE00159CB5 /* ust_bar.png */; };
		DC1DC56216B98D3200159CB5 /* bilgi.png in Resources */ = {isa = PBXBuildFile; fileRef = DC1DC56116B98D3200159CB5 /* bilgi.png */; };
		DC1DC56416B98D8900159CB5 /* cell_arkaplan.png in Resources */ = {isa = PBXBuildFile; fileRef = DC1DC56316B98D8900159CB5 /* cell_arkaplan.png */; };
		DC1DC56816B9C67800159CB5 /* Mersin İY-bg-568h@2x.jpg in Resources */ = {isa = PBXBuildFile; fileRef = DC1DC56516B9C67800159CB5 /* Mersin İY-bg-568h@2x.jpg */; };
		DC1DC56916B9C67800159CB5 /* Mersin İY-bg.jpg in Resources */ = {isa = PBXBuildFile; fileRef = DC1DC56616B9C67800159CB5 /* Mersin İY-bg.jpg */; };
		DC1DC56A16B9C67800159CB5 /* Mersin İY-bg@2x.jpg in Resources */ = {isa = PBXBuildFile; fileRef = DC1DC56716B9C67800159CB5 /* Mersin İY-bg@2x.jpg */; };
		DC7DF06C16B9392200079BEA /* Kasımpaşa-logo.png in Resources */ = {isa = PBXBuildFile; fileRef = DC7DF06A16B9392200079BEA /* Kasımpaşa-logo.png */; };
		DC7DF06D16B9392200079BEA /* MP Antalyaspor-logo.png in Resources */ = {isa = PBXBuildFile; fileRef = DC7DF06B16B9392200079BEA /* MP Antalyaspor-logo.png */; };
		DC7FE2B316B933D200C6C30A /* Akhisar Belediye-logo.png in Resources */ = {isa = PBXBuildFile; fileRef = DC7FE2A116B933D200C6C30A /* Akhisar Belediye-logo.png */; };
		DC7FE2B416B933D200C6C30A /* Beşiktaş-logo.png in Resources */ = {isa = PBXBuildFile; fileRef = DC7FE2A216B933D200C6C30A /* Beşiktaş-logo.png */; };
		DC7FE2B516B933D200C6C30A /* Bursaspor-logo.png in Resources */ = {isa = PBXBuildFile; fileRef = DC7FE2A316B933D200C6C30A /* Bursaspor-logo.png */; };
		DC7FE2B616B933D200C6C30A /* Eskişehirspor-logo.png in Resources */ = {isa = PBXBuildFile; fileRef = DC7FE2A416B933D200C6C30A /* Eskişehirspor-logo.png */; };
		DC7FE2B716B933D200C6C30A /* Fenerbahçe-logo.png in Resources */ = {isa = PBXBuildFile; fileRef = DC7FE2A516B933D200C6C30A /* Fenerbahçe-logo.png */; };
		DC7FE2B916B933D200C6C30A /* Gaziantepspor-logo.png in Resources */ = {isa = PBXBuildFile; fileRef = DC7FE2A716B933D200C6C30A /* Gaziantepspor-logo.png */; };
		DC7FE2BA16B933D200C6C30A /* Gençlerbirliği-logo.png in Resources */ = {isa = PBXBuildFile; fileRef = DC7FE2A816B933D200C6C30A /* Gençlerbirliği-logo.png */; };
		DC7FE2BB16B933D200C6C30A /* İstanbul BŞB-logo.png in Resources */ = {isa = PBXBuildFile; fileRef = DC7FE2A916B933D200C6C30A /* İstanbul BŞB-logo.png */; };
		DC7FE2BC16B933D200C6C30A /* K.Karabükspor-logo.png in Resources */ = {isa = PBXBuildFile; fileRef = DC7FE2AA16B933D200C6C30A /* K.Karabükspor-logo.png */; };
		DC7FE2BE16B933D200C6C30A /* Kayserispor-logo.png in Resources */ = {isa = PBXBuildFile; fileRef = DC7FE2AC16B933D200C6C30A /* Kayserispor-logo.png */; };
		DC7FE2BF16B933D200C6C30A /* Mersin İY-logo.png in Resources */ = {isa = PBXBuildFile; fileRef = DC7FE2AD16B933D200C6C30A /* Mersin İY-logo.png */; };
		DC7FE2C116B933D200C6C30A /* Orduspor-logo.png in Resources */ = {isa = PBXBuildFile; fileRef = DC7FE2AF16B933D200C6C30A /* Orduspor-logo.png */; };
		DC7FE2C216B933D200C6C30A /* S.B. Elazığspor-logo.png in Resources */ = {isa = PBXBuildFile; fileRef = DC7FE2B016B933D200C6C30A /* S.B. Elazığspor-logo.png */; };
		DC7FE2C316B933D200C6C30A /* Sivasspor-logo.png in Resources */ = {isa = PBXBuildFile; fileRef = DC7FE2B116B933D200C6C30A /* Sivasspor-logo.png */; };
		DC7FE2C416B933D200C6C30A /* Trabzonspor-logo.png in Resources */ = {isa = PBXBuildFile; fileRef = DC7FE2B216B933D200C6C30A /* Trabzonspor-logo.png */; };
		DC928AA716B32274009B6014 /* UIKit.framework in Frameworks */ = {isa = PBXBuildFile; fileRef = DC928AA616B32274009B6014 /* UIKit.framework */; };
		DC928AA916B32274009B6014 /* Foundation.framework in Frameworks */ = {isa = PBXBuildFile; fileRef = DC928AA816B32274009B6014 /* Foundation.framework */; };
		DC928AAB16B32274009B6014 /* CoreGraphics.framework in Frameworks */ = {isa = PBXBuildFile; fileRef = DC928AAA16B32274009B6014 /* CoreGraphics.framework */; };
		DC928AB116B32274009B6014 /* InfoPlist.strings in Resources */ = {isa = PBXBuildFile; fileRef = DC928AAF16B32274009B6014 /* InfoPlist.strings */; };
		DC928AB316B32274009B6014 /* main.m in Sources */ = {isa = PBXBuildFile; fileRef = DC928AB216B32274009B6014 /* main.m */; };
		DC928AB716B32274009B6014 /* MKAppDelegate.m in Sources */ = {isa = PBXBuildFile; fileRef = DC928AB616B32274009B6014 /* MKAppDelegate.m */; };
		DC928AC016B32275009B6014 /* MainStoryboard.storyboard in Resources */ = {isa = PBXBuildFile; fileRef = DC928ABE16B32275009B6014 /* MainStoryboard.storyboard */; };
		DC928AC316B32275009B6014 /* MKFixtureController.m in Sources */ = {isa = PBXBuildFile; fileRef = DC928AC216B32275009B6014 /* MKFixtureController.m */; };
		DC928ACA16B32275009B6014 /* MKStandingsController.m in Sources */ = {isa = PBXBuildFile; fileRef = DC928AC916B32275009B6014 /* MKStandingsController.m */; };
		DC928AD616B32D05009B6014 /* MKSettingsViewController.m in Sources */ = {isa = PBXBuildFile; fileRef = DC928AD516B32D05009B6014 /* MKSettingsViewController.m */; };
		DC928AD816B33BD2009B6014 /* besiktas_bg.jpg in Resources */ = {isa = PBXBuildFile; fileRef = DC928AD716B33BD2009B6014 /* besiktas_bg.jpg */; };
		DC928ADE16B34F6E009B6014 /* Default-568h@2x.png in Resources */ = {isa = PBXBuildFile; fileRef = DC928ADD16B34F6E009B6014 /* Default-568h@2x.png */; };
		DC928AE616B35350009B6014 /* mackacta@2x.png in Resources */ = {isa = PBXBuildFile; fileRef = DC928AE516B3534F009B6014 /* mackacta@2x.png */; };
		DC928AE816B35377009B6014 /* mackacta.png in Resources */ = {isa = PBXBuildFile; fileRef = DC928AE716B35377009B6014 /* mackacta.png */; };
		DC928AEA16B354D2009B6014 /* Default@2x.png in Resources */ = {isa = PBXBuildFile; fileRef = DC928AE916B354D2009B6014 /* Default@2x.png */; };
		DC928AEC16B354DC009B6014 /* Default.png in Resources */ = {isa = PBXBuildFile; fileRef = DC928AEB16B354DC009B6014 /* Default.png */; };
/* End PBXBuildFile section */

/* Begin PBXFileReference section */
		3608607F16F25D2C003AEC1A /* Schalke 04-logo.png */ = {isa = PBXFileReference; lastKnownFileType = image.png; path = "Schalke 04-logo.png"; sourceTree = "<group>"; };
		3608608016F25D2C003AEC1A /* AC Milan-logo.png */ = {isa = PBXFileReference; lastKnownFileType = image.png; path = "AC Milan-logo.png"; sourceTree = "<group>"; };
		3608608216F25D2C003AEC1A /* Anzhi Makhachkala-logo.png */ = {isa = PBXFileReference; lastKnownFileType = image.png; path = "Anzhi Makhachkala-logo.png"; sourceTree = "<group>"; };
		3608608316F25D2C003AEC1A /* Benfica-logo.png */ = {isa = PBXFileReference; lastKnownFileType = image.png; path = "Benfica-logo.png"; sourceTree = "<group>"; };
		3608608416F25D2C003AEC1A /* Borussia Dortmund-logo.png */ = {isa = PBXFileReference; lastKnownFileType = image.png; path = "Borussia Dortmund-logo.png"; sourceTree = "<group>"; };
		3608608516F25D2C003AEC1A /* Celtic-logo.png */ = {isa = PBXFileReference; lastKnownFileType = image.png; path = "Celtic-logo.png"; sourceTree = "<group>"; };
		3608608616F25D2C003AEC1A /* Chelsea-logo.png */ = {isa = PBXFileReference; lastKnownFileType = image.png; path = "Chelsea-logo.png"; sourceTree = "<group>"; };
		3608608716F25D2C003AEC1A /* FC Barcelona-logo.png */ = {isa = PBXFileReference; lastKnownFileType = image.png; path = "FC Barcelona-logo.png"; sourceTree = "<group>"; };
		3608608816F25D2D003AEC1A /* FC Basel-logo.png */ = {isa = PBXFileReference; lastKnownFileType = image.png; path = "FC Basel-logo.png"; sourceTree = "<group>"; };
		3608608916F25D2D003AEC1A /* FC Porto-logo.png */ = {isa = PBXFileReference; lastKnownFileType = image.png; path = "FC Porto-logo.png"; sourceTree = "<group>"; };
		3608608A16F25D2D003AEC1A /* Girondins Bordeaux-logo.png */ = {isa = PBXFileReference; lastKnownFileType = image.png; path = "Girondins Bordeaux-logo.png"; sourceTree = "<group>"; };
		3608608C16F25D2D003AEC1A /* Macaristan-logo.png */ = {isa = PBXFileReference; lastKnownFileType = image.png; path = "Macaristan-logo.png"; sourceTree = "<group>"; };
		3608608D16F25D2D003AEC1A /* Internazionale-logo.png */ = {isa = PBXFileReference; lastKnownFileType = image.png; path = "Internazionale-logo.png"; sourceTree = "<group>"; };
		3608608E16F25D2D003AEC1A /* Juventus-logo.png */ = {isa = PBXFileReference; lastKnownFileType = image.png; path = "Juventus-logo.png"; sourceTree = "<group>"; };
		3608608F16F25D2E003AEC1A /* Lazio-logo.png */ = {isa = PBXFileReference; lastKnownFileType = image.png; path = "Lazio-logo.png"; sourceTree = "<group>"; };
		3608609016F25D2E003AEC1A /* Levante UD-logo.png */ = {isa = PBXFileReference; lastKnownFileType = image.png; path = "Levante UD-logo.png"; sourceTree = "<group>"; };
		3608609116F25D2E003AEC1A /* Málaga CF-logo.png */ = {isa = PBXFileReference; lastKnownFileType = image.png; path = "Málaga CF-logo.png"; sourceTree = "<group>"; };
		3608609216F25D2E003AEC1A /* Manchester United-logo.png */ = {isa = PBXFileReference; lastKnownFileType = image.png; path = "Manchester United-logo.png"; sourceTree = "<group>"; };
		3608609316F25D2E003AEC1A /* Newcastle United-logo.png */ = {isa = PBXFileReference; lastKnownFileType = image.png; path = "Newcastle United-logo.png"; sourceTree = "<group>"; };
		3608609416F25D2E003AEC1A /* Paris Saint Germain-logo.png */ = {isa = PBXFileReference; lastKnownFileType = image.png; path = "Paris Saint Germain-logo.png"; sourceTree = "<group>"; };
		3608609516F25D2E003AEC1A /* Real Madrid-logo.png */ = {isa = PBXFileReference; lastKnownFileType = image.png; path = "Real Madrid-logo.png"; sourceTree = "<group>"; };
		3608609616F25D2E003AEC1A /* Romanya-logo.png */ = {isa = PBXFileReference; lastKnownFileType = image.png; path = "Romanya-logo.png"; sourceTree = "<group>"; };
		3608609716F25D2E003AEC1A /* Rubin Kazan-logo.png */ = {isa = PBXFileReference; lastKnownFileType = image.png; path = "Rubin Kazan-logo.png"; sourceTree = "<group>"; };
		3608609816F25D2E003AEC1A /* Shakhtar Donetsk-logo.png */ = {isa = PBXFileReference; lastKnownFileType = image.png; path = "Shakhtar Donetsk-logo.png"; sourceTree = "<group>"; };
		3608609916F25D2F003AEC1A /* Steaua Bucuresti-logo.png */ = {isa = PBXFileReference; lastKnownFileType = image.png; path = "Steaua Bucuresti-logo.png"; sourceTree = "<group>"; };
		3608609A16F25D2F003AEC1A /* Tottenham Hotspur-logo.png */ = {isa = PBXFileReference; lastKnownFileType = image.png; path = "Tottenham Hotspur-logo.png"; sourceTree = "<group>"; };
		3608609C16F25D30003AEC1A /* Valencia-logo.png */ = {isa = PBXFileReference; lastKnownFileType = image.png; path = "Valencia-logo.png"; sourceTree = "<group>"; };
		3608609D16F25D30003AEC1A /* VfB Stuttgart-logo.png */ = {isa = PBXFileReference; lastKnownFileType = image.png; path = "VfB Stuttgart-logo.png"; sourceTree = "<group>"; };
		3608609E16F25D30003AEC1A /* Viktoria Plzen-logo.png */ = {isa = PBXFileReference; lastKnownFileType = image.png; path = "Viktoria Plzen-logo.png"; sourceTree = "<group>"; };
		3608609F16F25D30003AEC1A /* Zenit St. Petersburg-logo.png */ = {isa = PBXFileReference; lastKnownFileType = image.png; path = "Zenit St. Petersburg-logo.png"; sourceTree = "<group>"; };
		360860C116F25FFF003AEC1A /* Andorra-logo.png */ = {isa = PBXFileReference; lastKnownFileType = image.png; path = "Andorra-logo.png"; sourceTree = "<group>"; };
		360860C316F260CD003AEC1A /* Estonya-logo.png */ = {isa = PBXFileReference; lastKnownFileType = image.png; path = "Estonya-logo.png"; sourceTree = "<group>"; };
		360860C516F260E4003AEC1A /* Hollanda-logo.png */ = {isa = PBXFileReference; lastKnownFileType = image.png; path = "Hollanda-logo.png"; sourceTree = "<group>"; };
		360860C916F79815003AEC1A /* BATE-logo.png */ = {isa = PBXFileReference; lastKnownFileType = image.png; path = "BATE-logo.png"; sourceTree = "<group>"; };
		3623C72C16B3F6F1007E5986 /* MKMatchView.h */ = {isa = PBXFileReference; fileEncoding = 4; lastKnownFileType = sourcecode.c.h; path = MKMatchView.h; sourceTree = "<group>"; };
		3623C72D16B3F6F1007E5986 /* MKMatchView.m */ = {isa = PBXFileReference; fileEncoding = 4; lastKnownFileType = sourcecode.c.objc; path = MKMatchView.m; sourceTree = "<group>"; };
		364AB6E816B9BC21003E93F5 /* check.png */ = {isa = PBXFileReference; lastKnownFileType = image.png; path = check.png; sourceTree = "<group>"; };
		364AB6EB16B9BE04003E93F5 /* MKTeamListController.h */ = {isa = PBXFileReference; fileEncoding = 4; lastKnownFileType = sourcecode.c.h; path = MKTeamListController.h; sourceTree = "<group>"; };
		364AB6EC16B9BE04003E93F5 /* MKTeamListController.m */ = {isa = PBXFileReference; fileEncoding = 4; lastKnownFileType = sourcecode.c.objc; path = MKTeamListController.m; sourceTree = "<group>"; };
		364AB6F216B9D814003E93F5 /* devam@2x.png */ = {isa = PBXFileReference; lastKnownFileType = image.png; path = "devam@2x.png"; sourceTree = "<group>"; };
		364AB6F516B9D8A8003E93F5 /* devam.png */ = {isa = PBXFileReference; lastKnownFileType = image.png; path = devam.png; sourceTree = "<group>"; };
		3668938A16FB873E003981A0 /* twitter.png */ = {isa = PBXFileReference; lastKnownFileType = image.png; path = twitter.png; sourceTree = "<group>"; };
		3668938B16FB873E003981A0 /* facebook.png */ = {isa = PBXFileReference; lastKnownFileType = image.png; path = facebook.png; sourceTree = "<group>"; };
		3668938E16FB8E96003981A0 /* Accounts.framework */ = {isa = PBXFileReference; lastKnownFileType = wrapper.framework; name = Accounts.framework; path = System/Library/Frameworks/Accounts.framework; sourceTree = SDKROOT; };
		3668939016FB8E9D003981A0 /* Social.framework */ = {isa = PBXFileReference; lastKnownFileType = wrapper.framework; name = Social.framework; path = System/Library/Frameworks/Social.framework; sourceTree = SDKROOT; };
		3680632B16FCAAF900F040B9 /* Türkiye-logo.png */ = {isa = PBXFileReference; lastKnownFileType = image.png; path = "Türkiye-logo.png"; sourceTree = "<group>"; };
		3680632F16FCED6100F040B9 /* facebook_share.png */ = {isa = PBXFileReference; lastKnownFileType = image.png; path = facebook_share.png; sourceTree = "<group>"; };
		3680633716FCF0FC00F040B9 /* twitter_share.png */ = {isa = PBXFileReference; lastKnownFileType = image.png; path = twitter_share.png; sourceTree = "<group>"; };
		369C1AE116B9876F005AFE0E /* gnLoadingView.h */ = {isa = PBXFileReference; lastKnownFileType = sourcecode.c.h; path = gnLoadingView.h; sourceTree = "<group>"; };
		369C1AE216B9876F005AFE0E /* gnLoadingView.m */ = {isa = PBXFileReference; lastKnownFileType = sourcecode.c.objc; path = gnLoadingView.m; sourceTree = "<group>"; };
		369C1AEA16B99C91005AFE0E /* Galatasaray-logo.png */ = {isa = PBXFileReference; lastKnownFileType = image.png; path = "Galatasaray-logo.png"; sourceTree = "<group>"; };
		369C1AEC16B9B399005AFE0E /* MyriadPro-Cond.otf */ = {isa = PBXFileReference; lastKnownFileType = file; path = "MyriadPro-Cond.otf"; sourceTree = "<group>"; };
		369C1AED16B9B399005AFE0E /* MyriadPro-Semibold.otf */ = {isa = PBXFileReference; lastKnownFileType = file; path = "MyriadPro-Semibold.otf"; sourceTree = "<group>"; };
		369C1AEE16B9B489005AFE0E /* cell_arkaplan_settings.png */ = {isa = PBXFileReference; lastKnownFileType = image.png; path = cell_arkaplan_settings.png; sourceTree = "<group>"; };
		DC1DC4E316B9644700159CB5 /* alarm.png */ = {isa = PBXFileReference; lastKnownFileType = image.png; path = alarm.png; sourceTree = "<group>"; };
		DC1DC4E416B9644700159CB5 /* alarm@2x.png */ = {isa = PBXFileReference; lastKnownFileType = image.png; path = "alarm@2x.png"; sourceTree = "<group>"; };
		DC1DC4E516B9644700159CB5 /* cog_02.png */ = {isa = PBXFileReference; lastKnownFileType = image.png; path = cog_02.png; sourceTree = "<group>"; };
		DC1DC4E616B9644700159CB5 /* cog_02@2x.png */ = {isa = PBXFileReference; lastKnownFileType = image.png; path = "cog_02@2x.png"; sourceTree = "<group>"; };
		DC1DC4E716B9644700159CB5 /* graph_bar_trend.png */ = {isa = PBXFileReference; lastKnownFileType = image.png; path = graph_bar_trend.png; sourceTree = "<group>"; };
		DC1DC4E816B9644700159CB5 /* graph_bar_trend@2x.png */ = {isa = PBXFileReference; lastKnownFileType = image.png; path = "graph_bar_trend@2x.png"; sourceTree = "<group>"; };
		DC1DC4EF16B96B9100159CB5 /* Akhisar Belediye-bg-568h@2x.jpg */ = {isa = PBXFileReference; lastKnownFileType = image.jpeg; path = "Akhisar Belediye-bg-568h@2x.jpg"; sourceTree = "<group>"; };
		DC1DC4F016B96B9100159CB5 /* Beşiktaş-bg-568h@2x.jpg */ = {isa = PBXFileReference; lastKnownFileType = image.jpeg; path = "Beşiktaş-bg-568h@2x.jpg"; sourceTree = "<group>"; };
		DC1DC4F116B96B9100159CB5 /* Bursaspor-bg-568h@2x.jpg */ = {isa = PBXFileReference; lastKnownFileType = image.jpeg; path = "Bursaspor-bg-568h@2x.jpg"; sourceTree = "<group>"; };
		DC1DC4F316B96B9100159CB5 /* Fenerbahçe-bg-568h@2x.jpg */ = {isa = PBXFileReference; lastKnownFileType = image.jpeg; path = "Fenerbahçe-bg-568h@2x.jpg"; sourceTree = "<group>"; };
		DC1DC4F416B96B9100159CB5 /* Galatasaray-bg-568h@2x.jpg */ = {isa = PBXFileReference; lastKnownFileType = image.jpeg; path = "Galatasaray-bg-568h@2x.jpg"; sourceTree = "<group>"; };
		DC1DC4F516B96B9100159CB5 /* Gaziantepspor-bg-568h@2x.jpg */ = {isa = PBXFileReference; lastKnownFileType = image.jpeg; path = "Gaziantepspor-bg-568h@2x.jpg"; sourceTree = "<group>"; };
		DC1DC4F616B96B9100159CB5 /* Gençlerbirliği-bg-568h@2x.jpg */ = {isa = PBXFileReference; lastKnownFileType = image.jpeg; path = "Gençlerbirliği-bg-568h@2x.jpg"; sourceTree = "<group>"; };
		DC1DC4F716B96B9100159CB5 /* İstanbul BŞB-bg-568h@2x.jpg */ = {isa = PBXFileReference; lastKnownFileType = image.jpeg; path = "İstanbul BŞB-bg-568h@2x.jpg"; sourceTree = "<group>"; };
		DC1DC4F816B96B9100159CB5 /* K.Karabükspor-bg-568h@2x.jpg */ = {isa = PBXFileReference; lastKnownFileType = image.jpeg; path = "K.Karabükspor-bg-568h@2x.jpg"; sourceTree = "<group>"; };
		DC1DC4F916B96B9100159CB5 /* Kasımpaşa-bg-568h@2x.jpg */ = {isa = PBXFileReference; lastKnownFileType = image.jpeg; path = "Kasımpaşa-bg-568h@2x.jpg"; sourceTree = "<group>"; };
		DC1DC4FA16B96B9100159CB5 /* Kayserispor-bg-568h@2x.jpg */ = {isa = PBXFileReference; lastKnownFileType = image.jpeg; path = "Kayserispor-bg-568h@2x.jpg"; sourceTree = "<group>"; };
		DC1DC4FC16B96B9100159CB5 /* MP Antalyaspor-bg-568h@2x.jpg */ = {isa = PBXFileReference; lastKnownFileType = image.jpeg; path = "MP Antalyaspor-bg-568h@2x.jpg"; sourceTree = "<group>"; };
		DC1DC4FD16B96B9100159CB5 /* Orduspor-bg-568h@2x.jpg */ = {isa = PBXFileReference; lastKnownFileType = image.jpeg; path = "Orduspor-bg-568h@2x.jpg"; sourceTree = "<group>"; };
		DC1DC4FE16B96B9100159CB5 /* S.B. Elazığspor-bg-568h@2x.jpg */ = {isa = PBXFileReference; lastKnownFileType = image.jpeg; path = "S.B. Elazığspor-bg-568h@2x.jpg"; sourceTree = "<group>"; };
		DC1DC4FF16B96B9200159CB5 /* Sivasspor-bg-568h@2x.jpg */ = {isa = PBXFileReference; lastKnownFileType = image.jpeg; path = "Sivasspor-bg-568h@2x.jpg"; sourceTree = "<group>"; };
		DC1DC50016B96B9200159CB5 /* Trabzonspor-bg-568h@2x.jpg */ = {isa = PBXFileReference; lastKnownFileType = image.jpeg; path = "Trabzonspor-bg-568h@2x.jpg"; sourceTree = "<group>"; };
		DC1DC51316B96B9F00159CB5 /* Akhisar Belediye-bg@2x.jpg */ = {isa = PBXFileReference; lastKnownFileType = image.jpeg; path = "Akhisar Belediye-bg@2x.jpg"; sourceTree = "<group>"; };
		DC1DC51416B96B9F00159CB5 /* Beşiktaş-bg@2x.jpg */ = {isa = PBXFileReference; lastKnownFileType = image.jpeg; path = "Beşiktaş-bg@2x.jpg"; sourceTree = "<group>"; };
		DC1DC51516B96B9F00159CB5 /* Bursaspor-bg@2x.jpg */ = {isa = PBXFileReference; lastKnownFileType = image.jpeg; path = "Bursaspor-bg@2x.jpg"; sourceTree = "<group>"; };
		DC1DC51716B96B9F00159CB5 /* Fenerbahçe-bg@2x.jpg */ = {isa = PBXFileReference; lastKnownFileType = image.jpeg; path = "Fenerbahçe-bg@2x.jpg"; sourceTree = "<group>"; };
		DC1DC51816B96B9F00159CB5 /* Galatasaray-bg@2x.jpg */ = {isa = PBXFileReference; lastKnownFileType = image.jpeg; path = "Galatasaray-bg@2x.jpg"; sourceTree = "<group>"; };
		DC1DC51916B96B9F00159CB5 /* Gaziantepspor-bg@2x.jpg */ = {isa = PBXFileReference; lastKnownFileType = image.jpeg; path = "Gaziantepspor-bg@2x.jpg"; sourceTree = "<group>"; };
		DC1DC51A16B96B9F00159CB5 /* Gençlerbirliği-bg@2x.jpg */ = {isa = PBXFileReference; lastKnownFileType = image.jpeg; path = "Gençlerbirliği-bg@2x.jpg"; sourceTree = "<group>"; };
		DC1DC51B16B96B9F00159CB5 /* İstanbul BŞB-bg@2x.jpg */ = {isa = PBXFileReference; lastKnownFileType = image.jpeg; path = "İstanbul BŞB-bg@2x.jpg"; sourceTree = "<group>"; };
		DC1DC51C16B96B9F00159CB5 /* K.Karabükspor-bg@2x.jpg */ = {isa = PBXFileReference; lastKnownFileType = image.jpeg; path = "K.Karabükspor-bg@2x.jpg"; sourceTree = "<group>"; };
		DC1DC51D16B96B9F00159CB5 /* Kasımpaşa-bg@2x.jpg */ = {isa = PBXFileReference; lastKnownFileType = image.jpeg; path = "Kasımpaşa-bg@2x.jpg"; sourceTree = "<group>"; };
		DC1DC51E16B96B9F00159CB5 /* Kayserispor-bg@2x.jpg */ = {isa = PBXFileReference; lastKnownFileType = image.jpeg; path = "Kayserispor-bg@2x.jpg"; sourceTree = "<group>"; };
		DC1DC51F16B96B9F00159CB5 /* MP Antalyaspor-bg@2x.jpg */ = {isa = PBXFileReference; lastKnownFileType = image.jpeg; path = "MP Antalyaspor-bg@2x.jpg"; sourceTree = "<group>"; };
		DC1DC52016B96B9F00159CB5 /* Orduspor-bg@2x.jpg */ = {isa = PBXFileReference; lastKnownFileType = image.jpeg; path = "Orduspor-bg@2x.jpg"; sourceTree = "<group>"; };
		DC1DC52116B96B9F00159CB5 /* S.B. Elazığspor-bg@2x.jpg */ = {isa = PBXFileReference; lastKnownFileType = image.jpeg; path = "S.B. Elazığspor-bg@2x.jpg"; sourceTree = "<group>"; };
		DC1DC52216B96B9F00159CB5 /* Sivasspor-bg@2x.jpg */ = {isa = PBXFileReference; lastKnownFileType = image.jpeg; path = "Sivasspor-bg@2x.jpg"; sourceTree = "<group>"; };
		DC1DC52316B96B9F00159CB5 /* Trabzonspor-bg@2x.jpg */ = {isa = PBXFileReference; lastKnownFileType = image.jpeg; path = "Trabzonspor-bg@2x.jpg"; sourceTree = "<group>"; };
		DC1DC53516B96BAB00159CB5 /* Akhisar Belediye-bg.jpg */ = {isa = PBXFileReference; lastKnownFileType = image.jpeg; path = "Akhisar Belediye-bg.jpg"; sourceTree = "<group>"; };
		DC1DC53616B96BAB00159CB5 /* Beşiktaş-bg.jpg */ = {isa = PBXFileReference; lastKnownFileType = image.jpeg; path = "Beşiktaş-bg.jpg"; sourceTree = "<group>"; };
		DC1DC53716B96BAB00159CB5 /* Bursaspor-bg.jpg */ = {isa = PBXFileReference; lastKnownFileType = image.jpeg; path = "Bursaspor-bg.jpg"; sourceTree = "<group>"; };
		DC1DC53916B96BAB00159CB5 /* Fenerbahçe-bg.jpg */ = {isa = PBXFileReference; lastKnownFileType = image.jpeg; path = "Fenerbahçe-bg.jpg"; sourceTree = "<group>"; };
		DC1DC53A16B96BAB00159CB5 /* Galatasaray-bg.jpg */ = {isa = PBXFileReference; lastKnownFileType = image.jpeg; path = "Galatasaray-bg.jpg"; sourceTree = "<group>"; };
		DC1DC53B16B96BAB00159CB5 /* Gaziantepspor-bg.jpg */ = {isa = PBXFileReference; lastKnownFileType = image.jpeg; path = "Gaziantepspor-bg.jpg"; sourceTree = "<group>"; };
		DC1DC53C16B96BAB00159CB5 /* Gençlerbirliği-bg.jpg */ = {isa = PBXFileReference; lastKnownFileType = image.jpeg; path = "Gençlerbirliği-bg.jpg"; sourceTree = "<group>"; };
		DC1DC53D16B96BAB00159CB5 /* İstanbul BŞB-bg.jpg */ = {isa = PBXFileReference; lastKnownFileType = image.jpeg; path = "İstanbul BŞB-bg.jpg"; sourceTree = "<group>"; };
		DC1DC53E16B96BAB00159CB5 /* K.Karabükspor-bg.jpg */ = {isa = PBXFileReference; lastKnownFileType = image.jpeg; path = "K.Karabükspor-bg.jpg"; sourceTree = "<group>"; };
		DC1DC53F16B96BAB00159CB5 /* Kasımpaşa-bg.jpg */ = {isa = PBXFileReference; lastKnownFileType = image.jpeg; path = "Kasımpaşa-bg.jpg"; sourceTree = "<group>"; };
		DC1DC54016B96BAB00159CB5 /* Kayserispor-bg.jpg */ = {isa = PBXFileReference; lastKnownFileType = image.jpeg; path = "Kayserispor-bg.jpg"; sourceTree = "<group>"; };
		DC1DC54116B96BAB00159CB5 /* MP Antalyaspor-bg.jpg */ = {isa = PBXFileReference; lastKnownFileType = image.jpeg; path = "MP Antalyaspor-bg.jpg"; sourceTree = "<group>"; };
		DC1DC54216B96BAB00159CB5 /* Orduspor-bg.jpg */ = {isa = PBXFileReference; lastKnownFileType = image.jpeg; path = "Orduspor-bg.jpg"; sourceTree = "<group>"; };
		DC1DC54316B96BAB00159CB5 /* S.B. Elazığspor-bg.jpg */ = {isa = PBXFileReference; lastKnownFileType = image.jpeg; path = "S.B. Elazığspor-bg.jpg"; sourceTree = "<group>"; };
		DC1DC54416B96BAB00159CB5 /* Sivasspor-bg.jpg */ = {isa = PBXFileReference; lastKnownFileType = image.jpeg; path = "Sivasspor-bg.jpg"; sourceTree = "<group>"; };
		DC1DC54516B96BAB00159CB5 /* Trabzonspor-bg.jpg */ = {isa = PBXFileReference; lastKnownFileType = image.jpeg; path = "Trabzonspor-bg.jpg"; sourceTree = "<group>"; };
		DC1DC55716B9708F00159CB5 /* Eskişehirspor-bg-568h@2x.jpg */ = {isa = PBXFileReference; lastKnownFileType = image.jpeg; path = "Eskişehirspor-bg-568h@2x.jpg"; sourceTree = "<group>"; };
		DC1DC55916B9715300159CB5 /* Eskişehirspor-bg@2x.jpg */ = {isa = PBXFileReference; lastKnownFileType = image.jpeg; path = "Eskişehirspor-bg@2x.jpg"; sourceTree = "<group>"; };
		DC1DC55B16B9715D00159CB5 /* Eskişehirspor-bg.jpg */ = {isa = PBXFileReference; lastKnownFileType = image.jpeg; path = "Eskişehirspor-bg.jpg"; sourceTree = "<group>"; };
		DC1DC55D16B986E100159CB5 /* background.png */ = {isa = PBXFileReference; lastKnownFileType = image.png; path = background.png; sourceTree = "<group>"; };
		DC1DC55F16B987FE00159CB5 /* ust_bar.png */ = {isa = PBXFileReference; lastKnownFileType = image.png; path = ust_bar.png; sourceTree = "<group>"; };
		DC1DC56116B98D3200159CB5 /* bilgi.png */ = {isa = PBXFileReference; lastKnownFileType = image.png; path = bilgi.png; sourceTree = "<group>"; };
		DC1DC56316B98D8900159CB5 /* cell_arkaplan.png */ = {isa = PBXFileReference; lastKnownFileType = image.png; path = cell_arkaplan.png; sourceTree = "<group>"; };
		DC1DC56516B9C67800159CB5 /* Mersin İY-bg-568h@2x.jpg */ = {isa = PBXFileReference; lastKnownFileType = image.jpeg; path = "Mersin İY-bg-568h@2x.jpg"; sourceTree = "<group>"; };
		DC1DC56616B9C67800159CB5 /* Mersin İY-bg.jpg */ = {isa = PBXFileReference; lastKnownFileType = image.jpeg; path = "Mersin İY-bg.jpg"; sourceTree = "<group>"; };
		DC1DC56716B9C67800159CB5 /* Mersin İY-bg@2x.jpg */ = {isa = PBXFileReference; lastKnownFileType = image.jpeg; path = "Mersin İY-bg@2x.jpg"; sourceTree = "<group>"; };
		DC7DF06A16B9392200079BEA /* Kasımpaşa-logo.png */ = {isa = PBXFileReference; lastKnownFileType = image.png; path = "Kasımpaşa-logo.png"; sourceTree = "<group>"; };
		DC7DF06B16B9392200079BEA /* MP Antalyaspor-logo.png */ = {isa = PBXFileReference; lastKnownFileType = image.png; path = "MP Antalyaspor-logo.png"; sourceTree = "<group>"; };
		DC7FE2A116B933D200C6C30A /* Akhisar Belediye-logo.png */ = {isa = PBXFileReference; lastKnownFileType = image.png; path = "Akhisar Belediye-logo.png"; sourceTree = "<group>"; };
		DC7FE2A216B933D200C6C30A /* Beşiktaş-logo.png */ = {isa = PBXFileReference; lastKnownFileType = image.png; path = "Beşiktaş-logo.png"; sourceTree = "<group>"; };
		DC7FE2A316B933D200C6C30A /* Bursaspor-logo.png */ = {isa = PBXFileReference; lastKnownFileType = image.png; path = "Bursaspor-logo.png"; sourceTree = "<group>"; };
		DC7FE2A416B933D200C6C30A /* Eskişehirspor-logo.png */ = {isa = PBXFileReference; lastKnownFileType = image.png; path = "Eskişehirspor-logo.png"; sourceTree = "<group>"; };
		DC7FE2A516B933D200C6C30A /* Fenerbahçe-logo.png */ = {isa = PBXFileReference; lastKnownFileType = image.png; path = "Fenerbahçe-logo.png"; sourceTree = "<group>"; };
		DC7FE2A716B933D200C6C30A /* Gaziantepspor-logo.png */ = {isa = PBXFileReference; lastKnownFileType = image.png; path = "Gaziantepspor-logo.png"; sourceTree = "<group>"; };
		DC7FE2A816B933D200C6C30A /* Gençlerbirliği-logo.png */ = {isa = PBXFileReference; lastKnownFileType = image.png; path = "Gençlerbirliği-logo.png"; sourceTree = "<group>"; };
		DC7FE2A916B933D200C6C30A /* İstanbul BŞB-logo.png */ = {isa = PBXFileReference; lastKnownFileType = image.png; path = "İstanbul BŞB-logo.png"; sourceTree = "<group>"; };
		DC7FE2AA16B933D200C6C30A /* K.Karabükspor-logo.png */ = {isa = PBXFileReference; lastKnownFileType = image.png; path = "K.Karabükspor-logo.png"; sourceTree = "<group>"; };
		DC7FE2AC16B933D200C6C30A /* Kayserispor-logo.png */ = {isa = PBXFileReference; lastKnownFileType = image.png; path = "Kayserispor-logo.png"; sourceTree = "<group>"; };
		DC7FE2AD16B933D200C6C30A /* Mersin İY-logo.png */ = {isa = PBXFileReference; lastKnownFileType = image.png; path = "Mersin İY-logo.png"; sourceTree = "<group>"; };
		DC7FE2AF16B933D200C6C30A /* Orduspor-logo.png */ = {isa = PBXFileReference; lastKnownFileType = image.png; path = "Orduspor-logo.png"; sourceTree = "<group>"; };
		DC7FE2B016B933D200C6C30A /* S.B. Elazığspor-logo.png */ = {isa = PBXFileReference; lastKnownFileType = image.png; path = "S.B. Elazığspor-logo.png"; sourceTree = "<group>"; };
		DC7FE2B116B933D200C6C30A /* Sivasspor-logo.png */ = {isa = PBXFileReference; lastKnownFileType = image.png; path = "Sivasspor-logo.png"; sourceTree = "<group>"; };
		DC7FE2B216B933D200C6C30A /* Trabzonspor-logo.png */ = {isa = PBXFileReference; lastKnownFileType = image.png; path = "Trabzonspor-logo.png"; sourceTree = "<group>"; };
		DC928AA216B32274009B6014 /* Maç Kaçta.app */ = {isa = PBXFileReference; explicitFileType = wrapper.application; includeInIndex = 0; path = "Maç Kaçta.app"; sourceTree = BUILT_PRODUCTS_DIR; };
		DC928AA616B32274009B6014 /* UIKit.framework */ = {isa = PBXFileReference; lastKnownFileType = wrapper.framework; name = UIKit.framework; path = System/Library/Frameworks/UIKit.framework; sourceTree = SDKROOT; };
		DC928AA816B32274009B6014 /* Foundation.framework */ = {isa = PBXFileReference; lastKnownFileType = wrapper.framework; name = Foundation.framework; path = System/Library/Frameworks/Foundation.framework; sourceTree = SDKROOT; };
		DC928AAA16B32274009B6014 /* CoreGraphics.framework */ = {isa = PBXFileReference; lastKnownFileType = wrapper.framework; name = CoreGraphics.framework; path = System/Library/Frameworks/CoreGraphics.framework; sourceTree = SDKROOT; };
		DC928AAE16B32274009B6014 /* Maç Kaçta-Info.plist */ = {isa = PBXFileReference; lastKnownFileType = text.plist.xml; path = "Maç Kaçta-Info.plist"; sourceTree = "<group>"; };
		DC928AB016B32274009B6014 /* en */ = {isa = PBXFileReference; lastKnownFileType = text.plist.strings; name = en; path = en.lproj/InfoPlist.strings; sourceTree = "<group>"; };
		DC928AB216B32274009B6014 /* main.m */ = {isa = PBXFileReference; lastKnownFileType = sourcecode.c.objc; path = main.m; sourceTree = "<group>"; };
		DC928AB416B32274009B6014 /* Maç Kaçta-Prefix.pch */ = {isa = PBXFileReference; lastKnownFileType = sourcecode.c.h; path = "Maç Kaçta-Prefix.pch"; sourceTree = "<group>"; };
		DC928AB516B32274009B6014 /* MKAppDelegate.h */ = {isa = PBXFileReference; lastKnownFileType = sourcecode.c.h; path = MKAppDelegate.h; sourceTree = "<group>"; };
		DC928AB616B32274009B6014 /* MKAppDelegate.m */ = {isa = PBXFileReference; lastKnownFileType = sourcecode.c.objc; path = MKAppDelegate.m; sourceTree = "<group>"; };
		DC928ABF16B32275009B6014 /* en */ = {isa = PBXFileReference; lastKnownFileType = file.storyboard; name = en; path = en.lproj/MainStoryboard.storyboard; sourceTree = "<group>"; };
		DC928AC116B32275009B6014 /* MKFixtureController.h */ = {isa = PBXFileReference; lastKnownFileType = sourcecode.c.h; path = MKFixtureController.h; sourceTree = "<group>"; };
		DC928AC216B32275009B6014 /* MKFixtureController.m */ = {isa = PBXFileReference; lastKnownFileType = sourcecode.c.objc; path = MKFixtureController.m; sourceTree = "<group>"; };
		DC928AC816B32275009B6014 /* MKStandingsController.h */ = {isa = PBXFileReference; lastKnownFileType = sourcecode.c.h; path = MKStandingsController.h; sourceTree = "<group>"; };
		DC928AC916B32275009B6014 /* MKStandingsController.m */ = {isa = PBXFileReference; lastKnownFileType = sourcecode.c.objc; path = MKStandingsController.m; sourceTree = "<group>"; };
		DC928AD416B32D05009B6014 /* MKSettingsViewController.h */ = {isa = PBXFileReference; fileEncoding = 4; lastKnownFileType = sourcecode.c.h; path = MKSettingsViewController.h; sourceTree = "<group>"; };
		DC928AD516B32D05009B6014 /* MKSettingsViewController.m */ = {isa = PBXFileReference; fileEncoding = 4; lastKnownFileType = sourcecode.c.objc; path = MKSettingsViewController.m; sourceTree = "<group>"; };
		DC928AD716B33BD2009B6014 /* besiktas_bg.jpg */ = {isa = PBXFileReference; lastKnownFileType = image.jpeg; path = besiktas_bg.jpg; sourceTree = "<group>"; };
		DC928ADD16B34F6E009B6014 /* Default-568h@2x.png */ = {isa = PBXFileReference; lastKnownFileType = image.png; path = "Default-568h@2x.png"; sourceTree = "<group>"; };
		DC928AE516B3534F009B6014 /* mackacta@2x.png */ = {isa = PBXFileReference; lastKnownFileType = image.png; path = "mackacta@2x.png"; sourceTree = "<group>"; };
		DC928AE716B35377009B6014 /* mackacta.png */ = {isa = PBXFileReference; lastKnownFileType = image.png; path = mackacta.png; sourceTree = "<group>"; };
		DC928AE916B354D2009B6014 /* Default@2x.png */ = {isa = PBXFileReference; lastKnownFileType = image.png; path = "Default@2x.png"; sourceTree = "<group>"; };
		DC928AEB16B354DC009B6014 /* Default.png */ = {isa = PBXFileReference; lastKnownFileType = image.png; path = Default.png; sourceTree = "<group>"; };
/* End PBXFileReference section */

/* Begin PBXFrameworksBuildPhase section */
		DC928A9F16B32274009B6014 /* Frameworks */ = {
			isa = PBXFrameworksBuildPhase;
			buildActionMask = 2147483647;
			files = (
				3668939116FB8E9D003981A0 /* Social.framework in Frameworks */,
				3668938F16FB8E96003981A0 /* Accounts.framework in Frameworks */,
				DC928AA716B32274009B6014 /* UIKit.framework in Frameworks */,
				DC928AA916B32274009B6014 /* Foundation.framework in Frameworks */,
				DC928AAB16B32274009B6014 /* CoreGraphics.framework in Frameworks */,
			);
			runOnlyForDeploymentPostprocessing = 0;
		};
/* End PBXFrameworksBuildPhase section */

/* Begin PBXGroup section */
		DC928A9716B32274009B6014 = {
			isa = PBXGroup;
			children = (
				3668939016FB8E9D003981A0 /* Social.framework */,
				3668938E16FB8E96003981A0 /* Accounts.framework */,
				DC928AEB16B354DC009B6014 /* Default.png */,
				DC928AE916B354D2009B6014 /* Default@2x.png */,
				DC928AE716B35377009B6014 /* mackacta.png */,
				DC928AE516B3534F009B6014 /* mackacta@2x.png */,
				DC928ADD16B34F6E009B6014 /* Default-568h@2x.png */,
				DC928AAC16B32274009B6014 /* Maç Kaçta */,
				DC928AA516B32274009B6014 /* Frameworks */,
				DC928AA316B32274009B6014 /* Products */,
			);
			sourceTree = "<group>";
		};
		DC928AA316B32274009B6014 /* Products */ = {
			isa = PBXGroup;
			children = (
				DC928AA216B32274009B6014 /* Maç Kaçta.app */,
			);
			name = Products;
			sourceTree = "<group>";
		};
		DC928AA516B32274009B6014 /* Frameworks */ = {
			isa = PBXGroup;
			children = (
				DC928AA616B32274009B6014 /* UIKit.framework */,
				DC928AA816B32274009B6014 /* Foundation.framework */,
				DC928AAA16B32274009B6014 /* CoreGraphics.framework */,
			);
			name = Frameworks;
			sourceTree = "<group>";
		};
		DC928AAC16B32274009B6014 /* Maç Kaçta */ = {
			isa = PBXGroup;
			children = (
				DC928AB516B32274009B6014 /* MKAppDelegate.h */,
				DC928AB616B32274009B6014 /* MKAppDelegate.m */,
				DC928ABE16B32275009B6014 /* MainStoryboard.storyboard */,
				DC928AC116B32275009B6014 /* MKFixtureController.h */,
				DC928AC216B32275009B6014 /* MKFixtureController.m */,
				DC928AC816B32275009B6014 /* MKStandingsController.h */,
				DC928AC916B32275009B6014 /* MKStandingsController.m */,
				DC928AD416B32D05009B6014 /* MKSettingsViewController.h */,
				DC928AD516B32D05009B6014 /* MKSettingsViewController.m */,
				3623C72C16B3F6F1007E5986 /* MKMatchView.h */,
				3623C72D16B3F6F1007E5986 /* MKMatchView.m */,
				369C1AE116B9876F005AFE0E /* gnLoadingView.h */,
				369C1AE216B9876F005AFE0E /* gnLoadingView.m */,
				364AB6EB16B9BE04003E93F5 /* MKTeamListController.h */,
				364AB6EC16B9BE04003E93F5 /* MKTeamListController.m */,
				DC928AAD16B32274009B6014 /* Supporting Files */,
			);
			path = "Maç Kaçta";
			sourceTree = "<group>";
		};
		DC928AAD16B32274009B6014 /* Supporting Files */ = {
			isa = PBXGroup;
			children = (
				3680633716FCF0FC00F040B9 /* twitter_share.png */,
				3680632F16FCED6100F040B9 /* facebook_share.png */,
				3668938A16FB873E003981A0 /* twitter.png */,
				3668938B16FB873E003981A0 /* facebook.png */,
				364AB6F516B9D8A8003E93F5 /* devam.png */,
				364AB6F216B9D814003E93F5 /* devam@2x.png */,
				DC1DC56516B9C67800159CB5 /* Mersin İY-bg-568h@2x.jpg */,
				DC1DC56616B9C67800159CB5 /* Mersin İY-bg.jpg */,
				DC1DC56716B9C67800159CB5 /* Mersin İY-bg@2x.jpg */,
				364AB6E816B9BC21003E93F5 /* check.png */,
				369C1AEE16B9B489005AFE0E /* cell_arkaplan_settings.png */,
				DC1DC56316B98D8900159CB5 /* cell_arkaplan.png */,
				DC1DC56116B98D3200159CB5 /* bilgi.png */,
				DC1DC55F16B987FE00159CB5 /* ust_bar.png */,
				DC1DC55D16B986E100159CB5 /* background.png */,
				DC1DC55B16B9715D00159CB5 /* Eskişehirspor-bg.jpg */,
				DC1DC55916B9715300159CB5 /* Eskişehirspor-bg@2x.jpg */,
				DC1DC55716B9708F00159CB5 /* Eskişehirspor-bg-568h@2x.jpg */,
				DC1DC53516B96BAB00159CB5 /* Akhisar Belediye-bg.jpg */,
				DC1DC53616B96BAB00159CB5 /* Beşiktaş-bg.jpg */,
				DC1DC53716B96BAB00159CB5 /* Bursaspor-bg.jpg */,
				DC1DC53916B96BAB00159CB5 /* Fenerbahçe-bg.jpg */,
				DC1DC53A16B96BAB00159CB5 /* Galatasaray-bg.jpg */,
				DC1DC53B16B96BAB00159CB5 /* Gaziantepspor-bg.jpg */,
				DC1DC53C16B96BAB00159CB5 /* Gençlerbirliği-bg.jpg */,
				DC1DC53D16B96BAB00159CB5 /* İstanbul BŞB-bg.jpg */,
				DC1DC53E16B96BAB00159CB5 /* K.Karabükspor-bg.jpg */,
				DC1DC53F16B96BAB00159CB5 /* Kasımpaşa-bg.jpg */,
				DC1DC54016B96BAB00159CB5 /* Kayserispor-bg.jpg */,
				DC1DC54116B96BAB00159CB5 /* MP Antalyaspor-bg.jpg */,
				DC1DC54216B96BAB00159CB5 /* Orduspor-bg.jpg */,
				DC1DC54316B96BAB00159CB5 /* S.B. Elazığspor-bg.jpg */,
				DC1DC54416B96BAB00159CB5 /* Sivasspor-bg.jpg */,
				DC1DC54516B96BAB00159CB5 /* Trabzonspor-bg.jpg */,
				DC1DC51316B96B9F00159CB5 /* Akhisar Belediye-bg@2x.jpg */,
				DC1DC51416B96B9F00159CB5 /* Beşiktaş-bg@2x.jpg */,
				DC1DC51516B96B9F00159CB5 /* Bursaspor-bg@2x.jpg */,
				DC1DC51716B96B9F00159CB5 /* Fenerbahçe-bg@2x.jpg */,
				DC1DC51816B96B9F00159CB5 /* Galatasaray-bg@2x.jpg */,
				DC1DC51916B96B9F00159CB5 /* Gaziantepspor-bg@2x.jpg */,
				DC1DC51A16B96B9F00159CB5 /* Gençlerbirliği-bg@2x.jpg */,
				DC1DC51B16B96B9F00159CB5 /* İstanbul BŞB-bg@2x.jpg */,
				DC1DC51C16B96B9F00159CB5 /* K.Karabükspor-bg@2x.jpg */,
				DC1DC51D16B96B9F00159CB5 /* Kasımpaşa-bg@2x.jpg */,
				DC1DC51E16B96B9F00159CB5 /* Kayserispor-bg@2x.jpg */,
				DC1DC51F16B96B9F00159CB5 /* MP Antalyaspor-bg@2x.jpg */,
				DC1DC52016B96B9F00159CB5 /* Orduspor-bg@2x.jpg */,
				DC1DC52116B96B9F00159CB5 /* S.B. Elazığspor-bg@2x.jpg */,
				DC1DC52216B96B9F00159CB5 /* Sivasspor-bg@2x.jpg */,
				DC1DC52316B96B9F00159CB5 /* Trabzonspor-bg@2x.jpg */,
				DC1DC4EF16B96B9100159CB5 /* Akhisar Belediye-bg-568h@2x.jpg */,
				DC1DC4F016B96B9100159CB5 /* Beşiktaş-bg-568h@2x.jpg */,
				DC1DC4F116B96B9100159CB5 /* Bursaspor-bg-568h@2x.jpg */,
				DC1DC4F316B96B9100159CB5 /* Fenerbahçe-bg-568h@2x.jpg */,
				DC1DC4F416B96B9100159CB5 /* Galatasaray-bg-568h@2x.jpg */,
				DC1DC4F516B96B9100159CB5 /* Gaziantepspor-bg-568h@2x.jpg */,
				DC1DC4F616B96B9100159CB5 /* Gençlerbirliği-bg-568h@2x.jpg */,
				DC1DC4F716B96B9100159CB5 /* İstanbul BŞB-bg-568h@2x.jpg */,
				DC1DC4F816B96B9100159CB5 /* K.Karabükspor-bg-568h@2x.jpg */,
				DC1DC4F916B96B9100159CB5 /* Kasımpaşa-bg-568h@2x.jpg */,
				DC1DC4FA16B96B9100159CB5 /* Kayserispor-bg-568h@2x.jpg */,
				DC1DC4FC16B96B9100159CB5 /* MP Antalyaspor-bg-568h@2x.jpg */,
				DC1DC4FD16B96B9100159CB5 /* Orduspor-bg-568h@2x.jpg */,
				DC1DC4FE16B96B9100159CB5 /* S.B. Elazığspor-bg-568h@2x.jpg */,
				DC1DC4FF16B96B9200159CB5 /* Sivasspor-bg-568h@2x.jpg */,
				DC1DC50016B96B9200159CB5 /* Trabzonspor-bg-568h@2x.jpg */,
				DC1DC4E316B9644700159CB5 /* alarm.png */,
				DC1DC4E416B9644700159CB5 /* alarm@2x.png */,
				DC1DC4E516B9644700159CB5 /* cog_02.png */,
				DC1DC4E616B9644700159CB5 /* cog_02@2x.png */,
				DC1DC4E716B9644700159CB5 /* graph_bar_trend.png */,
				DC1DC4E816B9644700159CB5 /* graph_bar_trend@2x.png */,
				369C1AEA16B99C91005AFE0E /* Galatasaray-logo.png */,
				DC7DF06A16B9392200079BEA /* Kasımpaşa-logo.png */,
				DC7DF06B16B9392200079BEA /* MP Antalyaspor-logo.png */,
				DC7FE2A116B933D200C6C30A /* Akhisar Belediye-logo.png */,
				DC7FE2A216B933D200C6C30A /* Beşiktaş-logo.png */,
				DC7FE2A316B933D200C6C30A /* Bursaspor-logo.png */,
				DC7FE2A416B933D200C6C30A /* Eskişehirspor-logo.png */,
				DC7FE2A516B933D200C6C30A /* Fenerbahçe-logo.png */,
				DC7FE2A716B933D200C6C30A /* Gaziantepspor-logo.png */,
				DC7FE2A816B933D200C6C30A /* Gençlerbirliği-logo.png */,
				DC7FE2A916B933D200C6C30A /* İstanbul BŞB-logo.png */,
				DC7FE2AA16B933D200C6C30A /* K.Karabükspor-logo.png */,
				DC7FE2AC16B933D200C6C30A /* Kayserispor-logo.png */,
				DC7FE2AD16B933D200C6C30A /* Mersin İY-logo.png */,
				DC7FE2AF16B933D200C6C30A /* Orduspor-logo.png */,
				DC7FE2B016B933D200C6C30A /* S.B. Elazığspor-logo.png */,
				DC7FE2B116B933D200C6C30A /* Sivasspor-logo.png */,
				DC7FE2B216B933D200C6C30A /* Trabzonspor-logo.png */,
				3608607F16F25D2C003AEC1A /* Schalke 04-logo.png */,
				3608608016F25D2C003AEC1A /* AC Milan-logo.png */,
				3608608216F25D2C003AEC1A /* Anzhi Makhachkala-logo.png */,
				360860C916F79815003AEC1A /* BATE-logo.png */,
				3608608316F25D2C003AEC1A /* Benfica-logo.png */,
				3608608416F25D2C003AEC1A /* Borussia Dortmund-logo.png */,
				360860C116F25FFF003AEC1A /* Andorra-logo.png */,
				360860C316F260CD003AEC1A /* Estonya-logo.png */,
				3608608516F25D2C003AEC1A /* Celtic-logo.png */,
				3608608616F25D2C003AEC1A /* Chelsea-logo.png */,
				360860C516F260E4003AEC1A /* Hollanda-logo.png */,
				3608608716F25D2C003AEC1A /* FC Barcelona-logo.png */,
				3608608816F25D2D003AEC1A /* FC Basel-logo.png */,
				3608608916F25D2D003AEC1A /* FC Porto-logo.png */,
				3608608A16F25D2D003AEC1A /* Girondins Bordeaux-logo.png */,
				3608608C16F25D2D003AEC1A /* Macaristan-logo.png */,
				3608608D16F25D2D003AEC1A /* Internazionale-logo.png */,
				3608608E16F25D2D003AEC1A /* Juventus-logo.png */,
				3608608F16F25D2E003AEC1A /* Lazio-logo.png */,
				3608609016F25D2E003AEC1A /* Levante UD-logo.png */,
				3608609116F25D2E003AEC1A /* Málaga CF-logo.png */,
				3608609216F25D2E003AEC1A /* Manchester United-logo.png */,
				3608609316F25D2E003AEC1A /* Newcastle United-logo.png */,
				3608609416F25D2E003AEC1A /* Paris Saint Germain-logo.png */,
				3608609516F25D2E003AEC1A /* Real Madrid-logo.png */,
				3680632B16FCAAF900F040B9 /* Türkiye-logo.png */,
				3608609616F25D2E003AEC1A /* Romanya-logo.png */,
				3608609716F25D2E003AEC1A /* Rubin Kazan-logo.png */,
				3608609816F25D2E003AEC1A /* Shakhtar Donetsk-logo.png */,
				3608609916F25D2F003AEC1A /* Steaua Bucuresti-logo.png */,
				3608609A16F25D2F003AEC1A /* Tottenham Hotspur-logo.png */,
				3608609C16F25D30003AEC1A /* Valencia-logo.png */,
				3608609D16F25D30003AEC1A /* VfB Stuttgart-logo.png */,
				3608609E16F25D30003AEC1A /* Viktoria Plzen-logo.png */,
				3608609F16F25D30003AEC1A /* Zenit St. Petersburg-logo.png */,
				DC928AD716B33BD2009B6014 /* besiktas_bg.jpg */,
				DC928AAE16B32274009B6014 /* Maç Kaçta-Info.plist */,
				DC928AAF16B32274009B6014 /* InfoPlist.strings */,
				DC928AB216B32274009B6014 /* main.m */,
				DC928AB416B32274009B6014 /* Maç Kaçta-Prefix.pch */,
				369C1AEC16B9B399005AFE0E /* MyriadPro-Cond.otf */,
				369C1AED16B9B399005AFE0E /* MyriadPro-Semibold.otf */,
			);
			name = "Supporting Files";
			sourceTree = "<group>";
		};
/* End PBXGroup section */

/* Begin PBXNativeTarget section */
		DC928AA116B32274009B6014 /* Maç Kaçta */ = {
			isa = PBXNativeTarget;
			buildConfigurationList = DC928AD116B32275009B6014 /* Build configuration list for PBXNativeTarget "Maç Kaçta" */;
			buildPhases = (
				DC928A9E16B32274009B6014 /* Sources */,
				DC928A9F16B32274009B6014 /* Frameworks */,
				DC928AA016B32274009B6014 /* Resources */,
			);
			buildRules = (
			);
			dependencies = (
			);
			name = "Maç Kaçta";
			productName = "Maç Kaçta";
			productReference = DC928AA216B32274009B6014 /* Maç Kaçta.app */;
			productType = "com.apple.product-type.application";
		};
/* End PBXNativeTarget section */

/* Begin PBXProject section */
		DC928A9916B32274009B6014 /* Project object */ = {
			isa = PBXProject;
			attributes = {
				CLASSPREFIX = MK;
				LastUpgradeCheck = 0450;
				ORGANIZATIONNAME = Orkestra;
			};
			buildConfigurationList = DC928A9C16B32274009B6014 /* Build configuration list for PBXProject "Maç Kaçta" */;
			compatibilityVersion = "Xcode 3.2";
			developmentRegion = English;
			hasScannedForEncodings = 0;
			knownRegions = (
				en,
			);
			mainGroup = DC928A9716B32274009B6014;
			productRefGroup = DC928AA316B32274009B6014 /* Products */;
			projectDirPath = "";
			projectRoot = "";
			targets = (
				DC928AA116B32274009B6014 /* Maç Kaçta */,
			);
		};
/* End PBXProject section */

/* Begin PBXResourcesBuildPhase section */
		DC928AA016B32274009B6014 /* Resources */ = {
			isa = PBXResourcesBuildPhase;
			buildActionMask = 2147483647;
			files = (
				DC928AB116B32274009B6014 /* InfoPlist.strings in Resources */,
				DC928AC016B32275009B6014 /* MainStoryboard.storyboard in Resources */,
				DC928AD816B33BD2009B6014 /* besiktas_bg.jpg in Resources */,
				DC928ADE16B34F6E009B6014 /* Default-568h@2x.png in Resources */,
				DC928AE616B35350009B6014 /* mackacta@2x.png in Resources */,
				DC928AE816B35377009B6014 /* mackacta.png in Resources */,
				DC928AEA16B354D2009B6014 /* Default@2x.png in Resources */,
				DC928AEC16B354DC009B6014 /* Default.png in Resources */,
				DC7FE2B316B933D200C6C30A /* Akhisar Belediye-logo.png in Resources */,
				DC7FE2B416B933D200C6C30A /* Beşiktaş-logo.png in Resources */,
				DC7FE2B516B933D200C6C30A /* Bursaspor-logo.png in Resources */,
				DC7FE2B616B933D200C6C30A /* Eskişehirspor-logo.png in Resources */,
				DC7FE2B716B933D200C6C30A /* Fenerbahçe-logo.png in Resources */,
				DC7FE2B916B933D200C6C30A /* Gaziantepspor-logo.png in Resources */,
				DC7FE2BA16B933D200C6C30A /* Gençlerbirliği-logo.png in Resources */,
				DC7FE2BB16B933D200C6C30A /* İstanbul BŞB-logo.png in Resources */,
				DC7FE2BC16B933D200C6C30A /* K.Karabükspor-logo.png in Resources */,
				DC7FE2BE16B933D200C6C30A /* Kayserispor-logo.png in Resources */,
				DC7FE2BF16B933D200C6C30A /* Mersin İY-logo.png in Resources */,
				DC7FE2C116B933D200C6C30A /* Orduspor-logo.png in Resources */,
				DC7FE2C216B933D200C6C30A /* S.B. Elazığspor-logo.png in Resources */,
				DC7FE2C316B933D200C6C30A /* Sivasspor-logo.png in Resources */,
				DC7FE2C416B933D200C6C30A /* Trabzonspor-logo.png in Resources */,
				DC7DF06C16B9392200079BEA /* Kasımpaşa-logo.png in Resources */,
				DC7DF06D16B9392200079BEA /* MP Antalyaspor-logo.png in Resources */,
				DC1DC4E916B9644700159CB5 /* alarm.png in Resources */,
				DC1DC4EA16B9644700159CB5 /* alarm@2x.png in Resources */,
				DC1DC4EB16B9644700159CB5 /* cog_02.png in Resources */,
				DC1DC4EC16B9644700159CB5 /* cog_02@2x.png in Resources */,
				DC1DC4ED16B9644700159CB5 /* graph_bar_trend.png in Resources */,
				DC1DC4EE16B9644700159CB5 /* graph_bar_trend@2x.png in Resources */,
				DC1DC50116B96B9200159CB5 /* Akhisar Belediye-bg-568h@2x.jpg in Resources */,
				DC1DC50216B96B9200159CB5 /* Beşiktaş-bg-568h@2x.jpg in Resources */,
				DC1DC50316B96B9200159CB5 /* Bursaspor-bg-568h@2x.jpg in Resources */,
				DC1DC50516B96B9200159CB5 /* Fenerbahçe-bg-568h@2x.jpg in Resources */,
				DC1DC50616B96B9200159CB5 /* Galatasaray-bg-568h@2x.jpg in Resources */,
				DC1DC50716B96B9200159CB5 /* Gaziantepspor-bg-568h@2x.jpg in Resources */,
				DC1DC50816B96B9200159CB5 /* Gençlerbirliği-bg-568h@2x.jpg in Resources */,
				DC1DC50916B96B9200159CB5 /* İstanbul BŞB-bg-568h@2x.jpg in Resources */,
				DC1DC50A16B96B9200159CB5 /* K.Karabükspor-bg-568h@2x.jpg in Resources */,
				DC1DC50B16B96B9200159CB5 /* Kasımpaşa-bg-568h@2x.jpg in Resources */,
				DC1DC50C16B96B9200159CB5 /* Kayserispor-bg-568h@2x.jpg in Resources */,
				DC1DC50E16B96B9200159CB5 /* MP Antalyaspor-bg-568h@2x.jpg in Resources */,
				DC1DC50F16B96B9200159CB5 /* Orduspor-bg-568h@2x.jpg in Resources */,
				DC1DC51016B96B9200159CB5 /* S.B. Elazığspor-bg-568h@2x.jpg in Resources */,
				DC1DC51116B96B9200159CB5 /* Sivasspor-bg-568h@2x.jpg in Resources */,
				DC1DC51216B96B9200159CB5 /* Trabzonspor-bg-568h@2x.jpg in Resources */,
				DC1DC52416B96B9F00159CB5 /* Akhisar Belediye-bg@2x.jpg in Resources */,
				DC1DC52516B96B9F00159CB5 /* Beşiktaş-bg@2x.jpg in Resources */,
				DC1DC52616B96B9F00159CB5 /* Bursaspor-bg@2x.jpg in Resources */,
				DC1DC52816B96B9F00159CB5 /* Fenerbahçe-bg@2x.jpg in Resources */,
				DC1DC52916B96B9F00159CB5 /* Galatasaray-bg@2x.jpg in Resources */,
				DC1DC52A16B96B9F00159CB5 /* Gaziantepspor-bg@2x.jpg in Resources */,
				DC1DC52B16B96B9F00159CB5 /* Gençlerbirliği-bg@2x.jpg in Resources */,
				DC1DC52C16B96B9F00159CB5 /* İstanbul BŞB-bg@2x.jpg in Resources */,
				DC1DC52D16B96B9F00159CB5 /* K.Karabükspor-bg@2x.jpg in Resources */,
				DC1DC52E16B96B9F00159CB5 /* Kasımpaşa-bg@2x.jpg in Resources */,
				DC1DC52F16B96B9F00159CB5 /* Kayserispor-bg@2x.jpg in Resources */,
				DC1DC53016B96B9F00159CB5 /* MP Antalyaspor-bg@2x.jpg in Resources */,
				DC1DC53116B96B9F00159CB5 /* Orduspor-bg@2x.jpg in Resources */,
				DC1DC53216B96B9F00159CB5 /* S.B. Elazığspor-bg@2x.jpg in Resources */,
				DC1DC53316B96B9F00159CB5 /* Sivasspor-bg@2x.jpg in Resources */,
				DC1DC53416B96B9F00159CB5 /* Trabzonspor-bg@2x.jpg in Resources */,
				DC1DC54616B96BAB00159CB5 /* Akhisar Belediye-bg.jpg in Resources */,
				DC1DC54716B96BAB00159CB5 /* Beşiktaş-bg.jpg in Resources */,
				DC1DC54816B96BAB00159CB5 /* Bursaspor-bg.jpg in Resources */,
				DC1DC54A16B96BAB00159CB5 /* Fenerbahçe-bg.jpg in Resources */,
				DC1DC54B16B96BAB00159CB5 /* Galatasaray-bg.jpg in Resources */,
				DC1DC54C16B96BAB00159CB5 /* Gaziantepspor-bg.jpg in Resources */,
				DC1DC54D16B96BAB00159CB5 /* Gençlerbirliği-bg.jpg in Resources */,
				DC1DC54E16B96BAB00159CB5 /* İstanbul BŞB-bg.jpg in Resources */,
				DC1DC54F16B96BAB00159CB5 /* K.Karabükspor-bg.jpg in Resources */,
				DC1DC55016B96BAB00159CB5 /* Kasımpaşa-bg.jpg in Resources */,
				DC1DC55116B96BAB00159CB5 /* Kayserispor-bg.jpg in Resources */,
				DC1DC55216B96BAB00159CB5 /* MP Antalyaspor-bg.jpg in Resources */,
				DC1DC55316B96BAB00159CB5 /* Orduspor-bg.jpg in Resources */,
				DC1DC55416B96BAB00159CB5 /* S.B. Elazığspor-bg.jpg in Resources */,
				DC1DC55516B96BAB00159CB5 /* Sivasspor-bg.jpg in Resources */,
				DC1DC55616B96BAB00159CB5 /* Trabzonspor-bg.jpg in Resources */,
				DC1DC55816B9708F00159CB5 /* Eskişehirspor-bg-568h@2x.jpg in Resources */,
				DC1DC55A16B9715300159CB5 /* Eskişehirspor-bg@2x.jpg in Resources */,
				DC1DC55C16B9715D00159CB5 /* Eskişehirspor-bg.jpg in Resources */,
				DC1DC55E16B986E100159CB5 /* background.png in Resources */,
				DC1DC56016B987FE00159CB5 /* ust_bar.png in Resources */,
				DC1DC56216B98D3200159CB5 /* bilgi.png in Resources */,
				DC1DC56416B98D8900159CB5 /* cell_arkaplan.png in Resources */,
				369C1AEB16B99C91005AFE0E /* Galatasaray-logo.png in Resources */,
				369C1AEF16B9B489005AFE0E /* cell_arkaplan_settings.png in Resources */,
				364AB6E916B9BC21003E93F5 /* check.png in Resources */,
				DC1DC56816B9C67800159CB5 /* Mersin İY-bg-568h@2x.jpg in Resources */,
				DC1DC56916B9C67800159CB5 /* Mersin İY-bg.jpg in Resources */,
				DC1DC56A16B9C67800159CB5 /* Mersin İY-bg@2x.jpg in Resources */,
				364AB6F316B9D814003E93F5 /* devam@2x.png in Resources */,
				364AB6F616B9D8A8003E93F5 /* devam.png in Resources */,
				360860A016F25D30003AEC1A /* Schalke 04-logo.png in Resources */,
				360860A116F25D30003AEC1A /* AC Milan-logo.png in Resources */,
				360860A316F25D30003AEC1A /* Anzhi Makhachkala-logo.png in Resources */,
				360860A416F25D30003AEC1A /* Benfica-logo.png in Resources */,
				360860A516F25D30003AEC1A /* Borussia Dortmund-logo.png in Resources */,
				360860A616F25D30003AEC1A /* Celtic-logo.png in Resources */,
				360860A716F25D30003AEC1A /* Chelsea-logo.png in Resources */,
				360860A816F25D30003AEC1A /* FC Barcelona-logo.png in Resources */,
				360860A916F25D30003AEC1A /* FC Basel-logo.png in Resources */,
				360860AA16F25D30003AEC1A /* FC Porto-logo.png in Resources */,
				360860AB16F25D30003AEC1A /* Girondins Bordeaux-logo.png in Resources */,
				360860AD16F25D30003AEC1A /* Macaristan-logo.png in Resources */,
				360860AE16F25D30003AEC1A /* Internazionale-logo.png in Resources */,
				360860AF16F25D30003AEC1A /* Juventus-logo.png in Resources */,
				360860B016F25D30003AEC1A /* Lazio-logo.png in Resources */,
				360860B116F25D30003AEC1A /* Levante UD-logo.png in Resources */,
				360860B216F25D30003AEC1A /* Málaga CF-logo.png in Resources */,
				360860B316F25D30003AEC1A /* Manchester United-logo.png in Resources */,
				360860B416F25D30003AEC1A /* Newcastle United-logo.png in Resources */,
				360860B516F25D30003AEC1A /* Paris Saint Germain-logo.png in Resources */,
				360860B616F25D30003AEC1A /* Real Madrid-logo.png in Resources */,
				360860B716F25D30003AEC1A /* Romanya-logo.png in Resources */,
				360860B816F25D30003AEC1A /* Rubin Kazan-logo.png in Resources */,
				360860B916F25D30003AEC1A /* Shakhtar Donetsk-logo.png in Resources */,
				360860BA16F25D30003AEC1A /* Steaua Bucuresti-logo.png in Resources */,
				360860BB16F25D30003AEC1A /* Tottenham Hotspur-logo.png in Resources */,
				360860BD16F25D30003AEC1A /* Valencia-logo.png in Resources */,
				360860BE16F25D30003AEC1A /* VfB Stuttgart-logo.png in Resources */,
				360860BF16F25D30003AEC1A /* Viktoria Plzen-logo.png in Resources */,
				360860C016F25D30003AEC1A /* Zenit St. Petersburg-logo.png in Resources */,
				360860C216F26005003AEC1A /* Andorra-logo.png in Resources */,
				360860C416F260D2003AEC1A /* Estonya-logo.png in Resources */,
				360860C616F260E5003AEC1A /* Hollanda-logo.png in Resources */,
				360860CA16F79818003AEC1A /* BATE-logo.png in Resources */,
				3668938C16FB873E003981A0 /* twitter.png in Resources */,
				3668938D16FB873E003981A0 /* facebook.png in Resources */,
				3680632C16FCAAF900F040B9 /* Türkiye-logo.png in Resources */,
				3680633016FCED6100F040B9 /* facebook_share.png in Resources */,
				3680633816FCF0FC00F040B9 /* twitter_share.png in Resources */,
			);
			runOnlyForDeploymentPostprocessing = 0;
		};
/* End PBXResourcesBuildPhase section */

/* Begin PBXSourcesBuildPhase section */
		DC928A9E16B32274009B6014 /* Sources */ = {
			isa = PBXSourcesBuildPhase;
			buildActionMask = 2147483647;
			files = (
				369C1AE416B9888A005AFE0E /* gnLoadingView.m in Sources */,
				DC928AB316B32274009B6014 /* main.m in Sources */,
				DC928AB716B32274009B6014 /* MKAppDelegate.m in Sources */,
				DC928AC316B32275009B6014 /* MKFixtureController.m in Sources */,
				DC928ACA16B32275009B6014 /* MKStandingsController.m in Sources */,
				DC928AD616B32D05009B6014 /* MKSettingsViewController.m in Sources */,
				3623C72E16B3F6F1007E5986 /* MKMatchView.m in Sources */,
				364AB6ED16B9BE04003E93F5 /* MKTeamListController.m in Sources */,
			);
			runOnlyForDeploymentPostprocessing = 0;
		};
/* End PBXSourcesBuildPhase section */

/* Begin PBXVariantGroup section */
		DC928AAF16B32274009B6014 /* InfoPlist.strings */ = {
			isa = PBXVariantGroup;
			children = (
				DC928AB016B32274009B6014 /* en */,
			);
			name = InfoPlist.strings;
			sourceTree = "<group>";
		};
		DC928ABE16B32275009B6014 /* MainStoryboard.storyboard */ = {
			isa = PBXVariantGroup;
			children = (
				DC928ABF16B32275009B6014 /* en */,
			);
			name = MainStoryboard.storyboard;
			sourceTree = "<group>";
		};
/* End PBXVariantGroup section */

/* Begin XCBuildConfiguration section */
		DC928ACF16B32275009B6014 /* Debug */ = {
			isa = XCBuildConfiguration;
			buildSettings = {
				ALWAYS_SEARCH_USER_PATHS = NO;
				CLANG_CXX_LANGUAGE_STANDARD = "gnu++0x";
				CLANG_CXX_LIBRARY = "libc++";
				CLANG_ENABLE_OBJC_ARC = YES;
				CLANG_WARN_EMPTY_BODY = YES;
				CLANG_WARN__DUPLICATE_METHOD_MATCH = YES;
				"CODE_SIGN_IDENTITY[sdk=iphoneos*]" = "iPhone Developer";
				COPY_PHASE_STRIP = NO;
				GCC_C_LANGUAGE_STANDARD = gnu99;
				GCC_DYNAMIC_NO_PIC = NO;
				GCC_OPTIMIZATION_LEVEL = 0;
				GCC_PREPROCESSOR_DEFINITIONS = (
					"DEBUG=1",
					"$(inherited)",
				);
				GCC_SYMBOLS_PRIVATE_EXTERN = NO;
				GCC_WARN_ABOUT_RETURN_TYPE = YES;
				GCC_WARN_UNINITIALIZED_AUTOS = YES;
				GCC_WARN_UNUSED_VARIABLE = YES;
				IPHONEOS_DEPLOYMENT_TARGET = 6.0;
				ONLY_ACTIVE_ARCH = YES;
				SDKROOT = iphoneos;
			};
			name = Debug;
		};
		DC928AD016B32275009B6014 /* Release */ = {
			isa = XCBuildConfiguration;
			buildSettings = {
				ALWAYS_SEARCH_USER_PATHS = NO;
				CLANG_CXX_LANGUAGE_STANDARD = "gnu++0x";
				CLANG_CXX_LIBRARY = "libc++";
				CLANG_ENABLE_OBJC_ARC = YES;
				CLANG_WARN_EMPTY_BODY = YES;
				CLANG_WARN__DUPLICATE_METHOD_MATCH = YES;
				"CODE_SIGN_IDENTITY[sdk=iphoneos*]" = "iPhone Developer";
				COPY_PHASE_STRIP = YES;
				GCC_C_LANGUAGE_STANDARD = gnu99;
				GCC_WARN_ABOUT_RETURN_TYPE = YES;
				GCC_WARN_UNINITIALIZED_AUTOS = YES;
				GCC_WARN_UNUSED_VARIABLE = YES;
				IPHONEOS_DEPLOYMENT_TARGET = 6.0;
				OTHER_CFLAGS = "-DNS_BLOCK_ASSERTIONS=1";
				SDKROOT = iphoneos;
				VALIDATE_PRODUCT = YES;
			};
			name = Release;
		};
		DC928AD216B32275009B6014 /* Debug */ = {
			isa = XCBuildConfiguration;
			buildSettings = {
				GCC_PRECOMPILE_PREFIX_HEADER = YES;
				GCC_PREFIX_HEADER = "Maç Kaçta/Maç Kaçta-Prefix.pch";
				INFOPLIST_FILE = "Maç Kaçta/Maç Kaçta-Info.plist";
				PRODUCT_NAME = "$(TARGET_NAME)";
				WRAPPER_EXTENSION = app;
			};
			name = Debug;
		};
		DC928AD316B32275009B6014 /* Release */ = {
			isa = XCBuildConfiguration;
			buildSettings = {
				GCC_PRECOMPILE_PREFIX_HEADER = YES;
				GCC_PREFIX_HEADER = "Maç Kaçta/Maç Kaçta-Prefix.pch";
				INFOPLIST_FILE = "Maç Kaçta/Maç Kaçta-Info.plist";
				PRODUCT_NAME = "$(TARGET_NAME)";
				WRAPPER_EXTENSION = app;
			};
			name = Release;
		};
/* End XCBuildConfiguration section */

/* Begin XCConfigurationList section */
		DC928A9C16B32274009B6014 /* Build configuration list for PBXProject "Maç Kaçta" */ = {
			isa = XCConfigurationList;
			buildConfigurations = (
				DC928ACF16B32275009B6014 /* Debug */,
				DC928AD016B32275009B6014 /* Release */,
			);
			defaultConfigurationIsVisible = 0;
			defaultConfigurationName = Release;
		};
		DC928AD116B32275009B6014 /* Build configuration list for PBXNativeTarget "Maç Kaçta" */ = {
			isa = XCConfigurationList;
			buildConfigurations = (
				DC928AD216B32275009B6014 /* Debug */,
				DC928AD316B32275009B6014 /* Release */,
			);
			defaultConfigurationIsVisible = 0;
			defaultConfigurationName = Release;
		};
/* End XCConfigurationList section */
	};
	rootObject = DC928A9916B32274009B6014 /* Project object */;
}
